// !$*UTF8*$!
{
	archiveVersion = 1;
	classes = {};
	objectVersion = 77;
	objects = {
	85101B96FEC1D9870243AC16 = {
	isa = PBXFileReference;
	lastKnownFileType = text.plist.xml;
	path = Info.plist;
	sourceTree = "<group>";
};
	0E6DA8969E029DF504FE7F58 = {
	isa = PBXFileReference;
	lastKnownFileType = folder.assetcatalog;
	path = Assets.xcassets;
	sourceTree = "<group>";
};
	58D06BCA56DFA18BDC04AFB6 = {
	isa = PBXFileReference;
	lastKnownFileType = image.pdf;
	path = Silkway-menubar-connected.pdf;
	sourceTree = "<group>";
};
	DBC90212090CBD1FCA444BDB = {
	isa = PBXBuildFile;
	fileRef = "58D06BCA56DFA18BDC04AFB6";
};
	342C2AD10C22269B360E48BB = {
	isa = PBXFileReference;
	lastKnownFileType = image.pdf;
	path = Silkway-menubar-disconnected.pdf;
	sourceTree = "<group>";
};
	0E1D643BBCE8E98B72276109 = {
	isa = PBXBuildFile;
	fileRef = "342C2AD10C22269B360E48BB";
};
	1B218030E4787501B2610754 = {
	isa = PBXFileReference;
	explicitFileType = wrapper.application;
	includeInIndex = 0;
	path = Silkway.app;
	sourceTree = BUILT_PRODUCTS_DIR;
};
	00EFF8B668B88FA5C1EEAD89 = {
	isa = PBXGroup;
	children = (
	A30DD46F5DF9A025D859AA88,
	"032842758DDF45F5B25486E9",
	C54198F865524A56B962D824,
	"98D40312D7574BFCA5AE90F4",
	B9C0E09EF25344D6A7A18BED,
	"1E0C91BB1DFF48338EA10285",
	B094CCE6CAC14F41A6765AB6,
	A929B54DE4B04001A768F8B8,
	BD675A10C68846A5AF0B4659,
	"68499F73054F4293A3D7B23A",
	"360A7DF22A9F4B8BBEBB3EA8",
	F33229A9655F40A0AFA7E6A1,
	"2D33D74D8BFF48B9865EFD26",
	C8B2529C89EF42A88AAE81BB,
	"1709E31AA2A649B8972F757B",
	D6FF3A1528BF481DB6C20622,
	"19658BC6F5E149BDB0EECDA4",
	"36D1B3CAB01B4E1BA9690383",
	EF95BE9BB7EE44E89AA992DE,
	"74B10F3842324C55B429E713",
	"4174933E7F0B4498890FA6F6",
	"80C0E98B0FB645F6965E6B2A",
	"6B5A92F787784ACABB4BB1BC",
	"4765809A04A049F089EF374C",
	"6F73A869C20D4D0D97FC4EA2",
	"8FC3DA10C861494DAA295795",
	"2D6D1DD47E3C4212BF9303A7",
	"844106DDEB7041A7A6054D97",
	"101EE2F824ED44428CC5D3FF",
	"41B890AA08AB4F80B014C07B",
	"415D06665A654A1EAC5EDEBF",
	E45B460C7EE94F5AA0AE8343,
	"1B24D54C1C3A42F78838C2E0",
	CBEE9F5425444C8F839CD12B,
	"5B3FA835C5E24B338829724C",
	"352AF246C7784C3DAC1D1C48",
	EE42979381F645C5989A4C94,
	"28D9C5C5C1824C108631ED93",
	"73516812FAB6430086ADFFE0",
	A841E9E35C87483EB5749995,
	"6DF65843E3A64EFD9930E6F3",
	BEB93BF28085472186E9A6A2,
);
	name = Silkway;
	path = Silkway;
	sourceTree = "<group>";
};
	D1F892E7E6C48B77BC5A63ED = {
	isa = PBXFileReference;
	lastKnownFileType = compiled.mach-o.executable;
	path = sing-box;
	sourceTree = "<group>";
};
	8E35C5D17FC0A4CE50432011 = {
	isa = PBXBuildFile;
	fileRef = D1F892E7E6C48B77BC5A63ED;
};
	4F5A01484BC8CE75CADBED6D = {
	isa = PBXFileReference;
	lastKnownFileType = text.plist.xml;
	path = LaunchDaemons/com.silkway.singbox.plist;
	sourceTree = "<group>";
};
	C76E67AAA7F38E98EA6E602B = {
	isa = PBXBuildFile;
	fileRef = "4F5A01484BC8CE75CADBED6D";
};
	6DD6082B2F14012FEF71AF33 = {
	isa = PBXCopyFilesBuildPhase;
	buildActionMask = 2147483647;
	dstPath = Contents/Library/LaunchDaemons;
	dstSubfolderSpec = 1;
	files = (
	C76E67AAA7F38E98EA6E602B,
);
	runOnlyForDeploymentPostprocessing = 0;
	name = "Copy LaunchDaemons";
};
	A30DD46F5DF9A025D859AA88 = {
	isa = PBXGroup;
	children = (
	"0E6DA8969E029DF504FE7F58",
	"85101B96FEC1D9870243AC16",
	"58D06BCA56DFA18BDC04AFB6",
	"342C2AD10C22269B360E48BB",
	D1F892E7E6C48B77BC5A63ED,
	"4F5A01484BC8CE75CADBED6D",
);
	path = Resources;
	sourceTree = "<group>";
};
	032842758DDF45F5B25486E9 = {
	isa = PBXFileReference;
	lastKnownFileType = sourcecode.swift;
	path = Core/SubscriptionManager.swift;
	sourceTree = "<group>";
};
	90C445BB7F0E4C51928F02E9 = {
	isa = PBXBuildFile;
	fileRef = "032842758DDF45F5B25486E9";
};
	C54198F865524A56B962D824 = {
	isa = PBXFileReference;
	lastKnownFileType = sourcecode.swift;
	path = Core/ProxyNodeStore.swift;
	sourceTree = "<group>";
};
	B849CC3DCB064F7DBB541214 = {
	isa = PBXBuildFile;
	fileRef = C54198F865524A56B962D824;
};
	98D40312D7574BFCA5AE90F4 = {
	isa = PBXFileReference;
	lastKnownFileType = sourcecode.swift;
	path = Core/ClashRuleConverter.swift;
	sourceTree = "<group>";
};
	455C64E130C048E9AFC2BE9D = {
	isa = PBXBuildFile;
	fileRef = "98D40312D7574BFCA5AE90F4";
};
	B9C0E09EF25344D6A7A18BED = {
	isa = PBXFileReference;
	lastKnownFileType = sourcecode.swift;
	path = Core/SystemProxy.swift;
	sourceTree = "<group>";
};
	570EBC2F4857453883389E82 = {
	isa = PBXBuildFile;
	fileRef = B9C0E09EF25344D6A7A18BED;
};
	1E0C91BB1DFF48338EA10285 = {
	isa = PBXFileReference;
	lastKnownFileType = sourcecode.swift;
	path = Core/SingBoxManager.swift;
	sourceTree = "<group>";
};
	783C1D6AC3114AFE8AC89E21 = {
	isa = PBXBuildFile;
	fileRef = "1E0C91BB1DFF48338EA10285";
};
	B094CCE6CAC14F41A6765AB6 = {
	isa = PBXFileReference;
	lastKnownFileType = sourcecode.swift;
	path = Core/TunManager.swift;
	sourceTree = "<group>";
};
	BBE8F58952BA4DDA95E42FE3 = {
	isa = PBXBuildFile;
	fileRef = B094CCE6CAC14F41A6765AB6;
};
	A929B54DE4B04001A768F8B8 = {
	isa = PBXFileReference;
	lastKnownFileType = sourcecode.swift;
	path = Core/ProfileStore.swift;
	sourceTree = "<group>";
};
	135DEC8423EC40EEA970E945 = {
	isa = PBXBuildFile;
	fileRef = A929B54DE4B04001A768F8B8;
};
	BD675A10C68846A5AF0B4659 = {
	isa = PBXFileReference;
	lastKnownFileType = sourcecode.swift;
	path = Core/ConfigBuilder.swift;
	sourceTree = "<group>";
};
	C937611F02854EFAAEC9A673 = {
	isa = PBXBuildFile;
	fileRef = BD675A10C68846A5AF0B4659;
};
	68499F73054F4293A3D7B23A = {
	isa = PBXFileReference;
	lastKnownFileType = sourcecode.swift;
	path = Core/SubscriptionParser.swift;
	sourceTree = "<group>";
};
	0E419DADA8694E2BBF93F4B7 = {
	isa = PBXBuildFile;
	fileRef = "68499F73054F4293A3D7B23A";
};
	360A7DF22A9F4B8BBEBB3EA8 = {
	isa = PBXFileReference;
	lastKnownFileType = sourcecode.swift;
	path = Core/ClashConverter.swift;
	sourceTree = "<group>";
};
	68211B36B8E24A8EBB43C41B = {
	isa = PBXBuildFile;
	fileRef = "360A7DF22A9F4B8BBEBB3EA8";
};
	F33229A9655F40A0AFA7E6A1 = {
	isa = PBXFileReference;
	lastKnownFileType = sourcecode.swift;
	path = Core/AppConfigStore.swift;
	sourceTree = "<group>";
};
	10DD7FE54C88457CB6293DBD = {
	isa = PBXBuildFile;
	fileRef = F33229A9655F40A0AFA7E6A1;
};
	2D33D74D8BFF48B9865EFD26 = {
	isa = PBXFileReference;
	lastKnownFileType = sourcecode.swift;
	path = App/SilkwayApp.swift;
	sourceTree = "<group>";
};
	556679C499064F0CB105C66C = {
	isa = PBXBuildFile;
	fileRef = "2D33D74D8BFF48B9865EFD26";
};
	C8B2529C89EF42A88AAE81BB = {
	isa = PBXFileReference;
	lastKnownFileType = sourcecode.swift;
	path = Utils/Constants.swift;
	sourceTree = "<group>";
};
	E4BDE09589C34404B5409D16 = {
	isa = PBXBuildFile;
	fileRef = C8B2529C89EF42A88AAE81BB;
};
	1709E31AA2A649B8972F757B = {
	isa = PBXFileReference;
	lastKnownFileType = sourcecode.swift;
	path = Utils/PortAllocator.swift;
	sourceTree = "<group>";
};
	6C4AA447BCF740FB8F7E6CBB = {
	isa = PBXBuildFile;
	fileRef = "1709E31AA2A649B8972F757B";
};
	D6FF3A1528BF481DB6C20622 = {
	isa = PBXFileReference;
	lastKnownFileType = sourcecode.swift;
	path = Utils/Formatters.swift;
	sourceTree = "<group>";
};
	A41E4445951944E1BAB9A9A6 = {
	isa = PBXBuildFile;
	fileRef = D6FF3A1528BF481DB6C20622;
};
	19658BC6F5E149BDB0EECDA4 = {
	isa = PBXFileReference;
	lastKnownFileType = sourcecode.swift;
	path = Models/Connection.swift;
	sourceTree = "<group>";
};
	C26B74B15AFD46EB8CD7D0A8 = {
	isa = PBXBuildFile;
	fileRef = "19658BC6F5E149BDB0EECDA4";
};
	36D1B3CAB01B4E1BA9690383 = {
	isa = PBXFileReference;
	lastKnownFileType = sourcecode.swift;
	path = Models/ProxyGroup.swift;
	sourceTree = "<group>";
};
	084F72F321C4454A9F5BE0C3 = {
	isa = PBXBuildFile;
	fileRef = "36D1B3CAB01B4E1BA9690383";
};
	EF95BE9BB7EE44E89AA992DE = {
	isa = PBXFileReference;
	lastKnownFileType = sourcecode.swift;
	path = Models/ProxyNode.swift;
	sourceTree = "<group>";
};
	005DE10CA5C841F5867F8C43 = {
	isa = PBXBuildFile;
	fileRef = EF95BE9BB7EE44E89AA992DE;
};
	74B10F3842324C55B429E713 = {
	isa = PBXFileReference;
	lastKnownFileType = sourcecode.swift;
	path = Models/ImportedProfile.swift;
	sourceTree = "<group>";
};
	CAB30932AA7D4826988DB082 = {
	isa = PBXBuildFile;
	fileRef = "74B10F3842324C55B429E713";
};
	4174933E7F0B4498890FA6F6 = {
	isa = PBXFileReference;
	lastKnownFileType = sourcecode.swift;
	path = Models/Subscription.swift;
	sourceTree = "<group>";
};
	AF9874EEC14B4B7185B05F60 = {
	isa = PBXBuildFile;
	fileRef = "4174933E7F0B4498890FA6F6";
};
	80C0E98B0FB645F6965E6B2A = {
	isa = PBXFileReference;
	lastKnownFileType = sourcecode.swift;
	path = Models/AppConfig.swift;
	sourceTree = "<group>";
};
	E86643482969424C9D55E5D5 = {
	isa = PBXBuildFile;
	fileRef = "80C0E98B0FB645F6965E6B2A";
};
	6B5A92F787784ACABB4BB1BC = {
	isa = PBXFileReference;
	lastKnownFileType = sourcecode.swift;
	path = Views/Settings/RuleView.swift;
	sourceTree = "<group>";
};
	1F31ED957FB7483EA3AEBA74 = {
	isa = PBXBuildFile;
	fileRef = "6B5A92F787784ACABB4BB1BC";
};
	4765809A04A049F089EF374C = {
	isa = PBXFileReference;
	lastKnownFileType = sourcecode.swift;
	path = Views/Settings/SettingsView.swift;
	sourceTree = "<group>";
};
	78A0E19D7F4F4540A1CD3CCC = {
	isa = PBXBuildFile;
	fileRef = "4765809A04A049F089EF374C";
};
	6F73A869C20D4D0D97FC4EA2 = {
	isa = PBXFileReference;
	lastKnownFileType = sourcecode.swift;
	path = Views/Settings/GeneralView.swift;
	sourceTree = "<group>";
};
	7E65BD1BA95D476BB5031867 = {
	isa = PBXBuildFile;
	fileRef = "6F73A869C20D4D0D97FC4EA2";
};
	8FC3DA10C861494DAA295795 = {
	isa = PBXFileReference;
	lastKnownFileType = sourcecode.swift;
	path = Views/Settings/ConnectionView.swift;
	sourceTree = "<group>";
};
	40D186D20E2742CE8A9BE57D = {
	isa = PBXBuildFile;
	fileRef = "8FC3DA10C861494DAA295795";
};
	2D6D1DD47E3C4212BF9303A7 = {
	isa = PBXFileReference;
	lastKnownFileType = sourcecode.swift;
	path = Views/Settings/SubscriptionView.swift;
	sourceTree = "<group>";
};
	42F96E94CCA6471B93BC431B = {
	isa = PBXBuildFile;
	fileRef = "2D6D1DD47E3C4212BF9303A7";
};
	844106DDEB7041A7A6054D97 = {
	isa = PBXFileReference;
	lastKnownFileType = sourcecode.swift;
	path = Views/Settings/ProxyView.swift;
	sourceTree = "<group>";
};
	A8F015ED39DD4EC482B8CB59 = {
	isa = PBXBuildFile;
	fileRef = "844106DDEB7041A7A6054D97";
};
	101EE2F824ED44428CC5D3FF = {
	isa = PBXFileReference;
	lastKnownFileType = sourcecode.swift;
	path = Views/Settings/DNSView.swift;
	sourceTree = "<group>";
};
	3FE2BC56217647A6A1A0092A = {
	isa = PBXBuildFile;
	fileRef = "101EE2F824ED44428CC5D3FF";
};
	41B890AA08AB4F80B014C07B = {
	isa = PBXFileReference;
	lastKnownFileType = sourcecode.swift;
	path = Views/MenuBar/NodeRow.swift;
	sourceTree = "<group>";
};
	F95B65FF6D8E4677A442F197 = {
	isa = PBXBuildFile;
	fileRef = "41B890AA08AB4F80B014C07B";
};
	415D06665A654A1EAC5EDEBF = {
	isa = PBXFileReference;
	lastKnownFileType = sourcecode.swift;
	path = Views/MenuBar/GroupRow.swift;
	sourceTree = "<group>";
};
	07B2E6B1940546D8B3D97640 = {
	isa = PBXBuildFile;
	fileRef = "415D06665A654A1EAC5EDEBF";
};
	E45B460C7EE94F5AA0AE8343 = {
	isa = PBXFileReference;
	lastKnownFileType = sourcecode.swift;
	path = Views/MenuBar/MenuBarView.swift;
	sourceTree = "<group>";
};
	C729E671A1404E3EBA56D179 = {
	isa = PBXBuildFile;
	fileRef = E45B460C7EE94F5AA0AE8343;
};
	1B24D54C1C3A42F78838C2E0 = {
	isa = PBXFileReference;
	lastKnownFileType = sourcecode.swift;
	path = Views/MenuBar/GroupList.swift;
	sourceTree = "<group>";
};
	DD621878FE1E4516A230C51D = {
	isa = PBXBuildFile;
	fileRef = "1B24D54C1C3A42F78838C2E0";
};
	CBEE9F5425444C8F839CD12B = {
	isa = PBXFileReference;
	lastKnownFileType = sourcecode.swift;
	path = Views/MenuBar/ActionFooter.swift;
	sourceTree = "<group>";
};
	54D3280BD26D4ECF848499ED = {
	isa = PBXBuildFile;
	fileRef = CBEE9F5425444C8F839CD12B;
};
	5B3FA835C5E24B338829724C = {
	isa = PBXFileReference;
	lastKnownFileType = sourcecode.swift;
	path = Views/MenuBar/StatusHeader.swift;
	sourceTree = "<group>";
};
	B68AD687952E45FAA4BC7B12 = {
	isa = PBXBuildFile;
	fileRef = "5B3FA835C5E24B338829724C";
};
	352AF246C7784C3DAC1D1C48 = {
	isa = PBXFileReference;
	lastKnownFileType = sourcecode.swift;
	path = Views/MenuBar/ModePicker.swift;
	sourceTree = "<group>";
};
	B6AC8C9A95254FFD91629060 = {
	isa = PBXBuildFile;
	fileRef = "352AF246C7784C3DAC1D1C48";
};
	EE42979381F645C5989A4C94 = {
	isa = PBXFileReference;
	lastKnownFileType = sourcecode.swift;
	path = Views/Components/ProtocolTag.swift;
	sourceTree = "<group>";
};
	72BF022D402644869567CB2A = {
	isa = PBXBuildFile;
	fileRef = EE42979381F645C5989A4C94;
};
	28D9C5C5C1824C108631ED93 = {
	isa = PBXFileReference;
	lastKnownFileType = sourcecode.swift;
	path = Views/Components/CountryFlag.swift;
	sourceTree = "<group>";
};
	FA0EBBFA36D14C0482BC0312 = {
	isa = PBXBuildFile;
	fileRef = "28D9C5C5C1824C108631ED93";
};
	73516812FAB6430086ADFFE0 = {
	isa = PBXFileReference;
	lastKnownFileType = sourcecode.swift;
	path = Views/Components/LatencyBadge.swift;
	sourceTree = "<group>";
};
	E0FE5C9FB93C439DA221FD3A = {
	isa = PBXBuildFile;
	fileRef = "73516812FAB6430086ADFFE0";
};
	A841E9E35C87483EB5749995 = {
	isa = PBXFileReference;
	lastKnownFileType = sourcecode.swift;
	path = Services/AutoUpdateService.swift;
	sourceTree = "<group>";
};
	BD928E76D0964F1D91794B80 = {
	isa = PBXBuildFile;
	fileRef = A841E9E35C87483EB5749995;
};
	6DF65843E3A64EFD9930E6F3 = {
	isa = PBXFileReference;
	lastKnownFileType = sourcecode.swift;
	path = Services/RuleSetManager.swift;
	sourceTree = "<group>";
};
	331897DCDE57416B9BB98718 = {
	isa = PBXBuildFile;
	fileRef = "6DF65843E3A64EFD9930E6F3";
};
	BEB93BF28085472186E9A6A2 = {
	isa = PBXFileReference;
	lastKnownFileType = sourcecode.swift;
	path = Services/SingBoxAPIClient.swift;
	sourceTree = "<group>";
};
	E66685CABAE04E43A32BB422 = {
	isa = PBXBuildFile;
	fileRef = BEB93BF28085472186E9A6A2;
};
	8D3FC6DB5D0827F168A73277 = {
	isa = PBXGroup;
	children = (
	"00EFF8B668B88FA5C1EEAD89",
	"1BADDC1D73C1A20F347483E1",
);
	sourceTree = "<group>";
};
	1BADDC1D73C1A20F347483E1 = {
	isa = PBXGroup;
	children = (
	"1B218030E4787501B2610754",
);
	name = Products;
	sourceTree = "<group>";
};
	6BC9136C2E1B992EF374A2EA = {
	isa = PBXFrameworksBuildPhase;
	buildActionMask = 2147483647;
	files = ();
	runOnlyForDeploymentPostprocessing = 0;
};
	F680599402C0D80E245DE801 = {
	isa = PBXSourcesBuildPhase;
	buildActionMask = 2147483647;
	files = (
	"90C445BB7F0E4C51928F02E9",
	B849CC3DCB064F7DBB541214,
	"455C64E130C048E9AFC2BE9D",
	"570EBC2F4857453883389E82",
	"783C1D6AC3114AFE8AC89E21",
	BBE8F58952BA4DDA95E42FE3,
	"135DEC8423EC40EEA970E945",
	C937611F02854EFAAEC9A673,
	"0E419DADA8694E2BBF93F4B7",
	"68211B36B8E24A8EBB43C41B",
	"10DD7FE54C88457CB6293DBD",
	"556679C499064F0CB105C66C",
	E4BDE09589C34404B5409D16,
	"6C4AA447BCF740FB8F7E6CBB",
	A41E4445951944E1BAB9A9A6,
	C26B74B15AFD46EB8CD7D0A8,
	"084F72F321C4454A9F5BE0C3",
	"005DE10CA5C841F5867F8C43",
	CAB30932AA7D4826988DB082,
	AF9874EEC14B4B7185B05F60,
	E86643482969424C9D55E5D5,
	"1F31ED957FB7483EA3AEBA74",
	"78A0E19D7F4F4540A1CD3CCC",
	"7E65BD1BA95D476BB5031867",
	"40D186D20E2742CE8A9BE57D",
	"42F96E94CCA6471B93BC431B",
	A8F015ED39DD4EC482B8CB59,
	"3FE2BC56217647A6A1A0092A",
	F95B65FF6D8E4677A442F197,
	"07B2E6B1940546D8B3D97640",
	C729E671A1404E3EBA56D179,
	DD621878FE1E4516A230C51D,
	"54D3280BD26D4ECF848499ED",
	B68AD687952E45FAA4BC7B12,
	B6AC8C9A95254FFD91629060,
	"72BF022D402644869567CB2A",
	FA0EBBFA36D14C0482BC0312,
	E0FE5C9FB93C439DA221FD3A,
	BD928E76D0964F1D91794B80,
	"331897DCDE57416B9BB98718",
	E66685CABAE04E43A32BB422,
);
	runOnlyForDeploymentPostprocessing = 0;
};
	781C774F390DF12CD292A30B = {
	isa = PBXResourcesBuildPhase;
	buildActionMask = 2147483647;
	files = (
	"9A6858DE08B11A9CB9121F0C",
	DBC90212090CBD1FCA444BDB,
	"0E1D643BBCE8E98B72276109",
	"8E35C5D17FC0A4CE50432011",
);
	runOnlyForDeploymentPostprocessing = 0;
};
	9A6858DE08B11A9CB9121F0C = {
	isa = PBXBuildFile;
	fileRef = "0E6DA8969E029DF504FE7F58";
};
	E1BFD4F527A9944AA0FE64C4 = {
	isa = PBXShellScriptBuildPhase;
	buildActionMask = 2147483647;
	files = ();
	inputPaths = ();
	outputPaths = ();
	runOnlyForDeploymentPostprocessing = 0;
	shellPath = /bin/sh;
	shellScript = "if [ -n \"$EXPANDED_CODE_SIGN_IDENTITY\" ]; then\n  codesign --force --options runtime --timestamp=none     --sign \"$EXPANDED_CODE_SIGN_IDENTITY\"     \"$BUILT_PRODUCTS_DIR/Silkway.app/Contents/Resources/sing-box\"\nfi\n";
	name = "Re-sign sing-box";
};
	EA8D84301B03EE218ABBDEBD = {
	isa = PBXNativeTarget;
	buildConfigurationList = "8EC4731D189341F6DC203398";
	buildPhases = (
	"6BC9136C2E1B992EF374A2EA",
	F680599402C0D80E245DE801,
	"781C774F390DF12CD292A30B",
	"6DD6082B2F14012FEF71AF33",
	E1BFD4F527A9944AA0FE64C4,
);
	buildRules = ();
	dependencies = ();
	name = Silkway;
	productName = Silkway;
	productReference = "1B218030E4787501B2610754";
	productType = com.apple.product-type.application;
};
	C7A8CA8B30ED43C49F16327D = {
	isa = XCBuildConfiguration;
	buildSettings = {
	ALWAYS_SEARCH_USER_PATHS = NO;
	ASSETCATALOG_COMPILER_APPICON_NAME = AppIcon;
	CODE_SIGN_STYLE = Automatic;
	COMBINE_HIDPI_IMAGES = YES;
	CURRENT_PROJECT_VERSION = "1";
	DEVELOPMENT_TEAM = "66N6G2C27H";
	ENABLE_APP_SANDBOX = NO;
	ENABLE_HARDENED_RUNTIME = YES;
	ENABLE_USER_SCRIPT_SANDBOXING = NO;
	GENERATE_INFOPLIST_FILE = NO;
	INFOPLIST_FILE = Silkway/Resources/Info.plist;
	INFOPLIST_KEY_LSUIElement = YES;
	INFOPLIST_KEY_NSHumanReadableCopyright = "";
	LD_RUNPATH_SEARCH_PATHS = "$(inherited) @executable_path/../Frameworks";
	MACOSX_DEPLOYMENT_TARGET = "14.0";
	MARKETING_VERSION = "1.0.0";
	PRODUCT_BUNDLE_IDENTIFIER = com.silkway.app;
	PRODUCT_NAME = "$(TARGET_NAME)";
	SWIFT_EMIT_LOC_STRINGS = YES;
	SWIFT_VERSION = "6.0";
	TARGETED_DEVICE_FAMILY = "6";
	DEBUG_INFORMATION_FORMAT = dwarf;
	ENABLE_TESTABILITY = YES;
	GCC_OPTIMIZATION_LEVEL = "0";
	MTL_ENABLE_DEBUG_INFO = INCLUDE_SOURCE;
	ONLY_ACTIVE_ARCH = YES;
	SWIFT_ACTIVE_COMPILATION_CONDITIONS = DEBUG;
	SWIFT_OPTIMIZATION_LEVEL = -Onone;
};
	name = Debug;
};
	52BBE0D2358640E8CBE388D4 = {
	isa = XCBuildConfiguration;
	buildSettings = {
	ALWAYS_SEARCH_USER_PATHS = NO;
	ASSETCATALOG_COMPILER_APPICON_NAME = AppIcon;
	CODE_SIGN_STYLE = Automatic;
	COMBINE_HIDPI_IMAGES = YES;
	CURRENT_PROJECT_VERSION = "1";
	DEVELOPMENT_TEAM = "66N6G2C27H";
	ENABLE_APP_SANDBOX = NO;
	ENABLE_HARDENED_RUNTIME = YES;
	ENABLE_USER_SCRIPT_SANDBOXING = NO;
	GENERATE_INFOPLIST_FILE = NO;
	INFOPLIST_FILE = Silkway/Resources/Info.plist;
	INFOPLIST_KEY_LSUIElement = YES;
	INFOPLIST_KEY_NSHumanReadableCopyright = "";
	LD_RUNPATH_SEARCH_PATHS = "$(inherited) @executable_path/../Frameworks";
	MACOSX_DEPLOYMENT_TARGET = "14.0";
	MARKETING_VERSION = "1.0.0";
	PRODUCT_BUNDLE_IDENTIFIER = com.silkway.app;
	PRODUCT_NAME = "$(TARGET_NAME)";
	SWIFT_EMIT_LOC_STRINGS = YES;
	SWIFT_VERSION = "6.0";
	TARGETED_DEVICE_FAMILY = "6";
	DEBUG_INFORMATION_FORMAT = dwarf-with-dsym;
	ENABLE_NS_ASSERTIONS = NO;
	SWIFT_COMPILATION_MODE = wholemodule;
	SWIFT_OPTIMIZATION_LEVEL = -O;
};
	name = Release;
};
	8EC4731D189341F6DC203398 = {
	isa = XCConfigurationList;
	buildConfigurations = (
	C7A8CA8B30ED43C49F16327D,
	"52BBE0D2358640E8CBE388D4",
);
	defaultConfigurationIsVisible = 0;
	defaultConfigurationName = Debug;
};
	CAB65815441D86D46CB1BC9C = {
	isa = XCBuildConfiguration;
	buildSettings = {
	ALWAYS_SEARCH_USER_PATHS = NO;
	CLANG_ANALYZER_NONNULL = YES;
	CLANG_CXX_LANGUAGE_STANDARD = "gnu++17";
	CLANG_ENABLE_MODULES = YES;
	CLANG_ENABLE_OBJC_ARC = YES;
	CLANG_WARN_BLOCK_CAPTURE_AUTORELEASING = YES;
	CLANG_WARN_BOOL_CONVERSION = YES;
	CLANG_WARN_COMMA = YES;
	CLANG_WARN_CONSTANT_CONVERSION = YES;
	CLANG_WARN_DEPRECATED_OBJC_IMPLEMENTATIONS = YES;
	CLANG_WARN_DIRECT_OBJC_ISA_USAGE = YES_ERROR;
	CLANG_WARN_DOCUMENTATION_COMMENTS = YES;
	CLANG_WARN_EMPTY_BODY = YES;
	CLANG_WARN_ENUM_CONVERSION = YES;
	CLANG_WARN_INFINITE_RECURSION = YES;
	CLANG_WARN_INT_CONVERSION = YES;
	CLANG_WARN_NON_LITERAL_NULL_CONVERSION = YES;
	CLANG_WARN_OBJC_ROOT_CLASS = YES_ERROR;
	CLANG_WARN_QUOTED_INCLUDE_IN_FRAMEWORK_HEADER = YES;
	CLANG_WARN_STRICT_PROTOTYPES = YES;
	CLANG_WARN_SUSPICIOUS_MOVE = YES;
	CLANG_WARN_UNGUARDED_AVAILABILITY = YES_AGGRESSIVE;
	CLANG_WARN_UNREACHABLE_CODE = YES;
	COPY_PHASE_STRIP = NO;
	DEAD_CODE_STRIPPING = YES;
	ENABLE_STRICT_OBJC_MSGSEND = YES;
	GCC_C_LANGUAGE_STANDARD = gnu17;
	GCC_NO_COMMON_BLOCKS = YES;
	GCC_WARN_64_TO_32_BIT_CONVERSION = YES;
	GCC_WARN_ABOUT_RETURN_TYPE = YES_ERROR;
	GCC_WARN_UNDECLARED_SELECTOR = YES;
	GCC_WARN_UNINITIALIZED_AUTOS = YES_AGGRESSIVE;
	GCC_WARN_UNUSED_FUNCTION = YES;
	GCC_WARN_UNUSED_VARIABLE = YES;
	MACOSX_DEPLOYMENT_TARGET = "14.0";
	MTL_FAST_MATH = YES;
	ONLY_ACTIVE_ARCH = YES;
	SDKROOT = macosx;
	SWIFT_ACTIVE_COMPILATION_CONDITIONS = DEBUG;
};
	name = Debug;
};
	93F0E83619E4AA8149308C5E = {
	isa = XCBuildConfiguration;
	buildSettings = {
	ALWAYS_SEARCH_USER_PATHS = NO;
	CLANG_ANALYZER_NONNULL = YES;
	CLANG_CXX_LANGUAGE_STANDARD = "gnu++17";
	CLANG_ENABLE_MODULES = YES;
	CLANG_ENABLE_OBJC_ARC = YES;
	CLANG_WARN_BLOCK_CAPTURE_AUTORELEASING = YES;
	CLANG_WARN_BOOL_CONVERSION = YES;
	CLANG_WARN_COMMA = YES;
	CLANG_WARN_CONSTANT_CONVERSION = YES;
	CLANG_WARN_DEPRECATED_OBJC_IMPLEMENTATIONS = YES;
	CLANG_WARN_DIRECT_OBJC_ISA_USAGE = YES_ERROR;
	CLANG_WARN_DOCUMENTATION_COMMENTS = YES;
	CLANG_WARN_EMPTY_BODY = YES;
	CLANG_WARN_ENUM_CONVERSION = YES;
	CLANG_WARN_INFINITE_RECURSION = YES;
	CLANG_WARN_INT_CONVERSION = YES;
	CLANG_WARN_NON_LITERAL_NULL_CONVERSION = YES;
	CLANG_WARN_OBJC_ROOT_CLASS = YES_ERROR;
	CLANG_WARN_QUOTED_INCLUDE_IN_FRAMEWORK_HEADER = YES;
	CLANG_WARN_STRICT_PROTOTYPES = YES;
	CLANG_WARN_SUSPICIOUS_MOVE = YES;
	CLANG_WARN_UNGUARDED_AVAILABILITY = YES_AGGRESSIVE;
	CLANG_WARN_UNREACHABLE_CODE = YES;
	COPY_PHASE_STRIP = NO;
	DEAD_CODE_STRIPPING = YES;
	ENABLE_NS_ASSERTIONS = NO;
	ENABLE_STRICT_OBJC_MSGSEND = YES;
	GCC_C_LANGUAGE_STANDARD = gnu17;
	GCC_NO_COMMON_BLOCKS = YES;
	GCC_WARN_64_TO_32_BIT_CONVERSION = YES;
	GCC_WARN_ABOUT_RETURN_TYPE = YES_ERROR;
	GCC_WARN_UNDECLARED_SELECTOR = YES;
	GCC_WARN_UNINITIALIZED_AUTOS = YES_AGGRESSIVE;
	GCC_WARN_UNUSED_FUNCTION = YES;
	GCC_WARN_UNUSED_VARIABLE = YES;
	MACOSX_DEPLOYMENT_TARGET = "14.0";
	MTL_FAST_MATH = YES;
	SDKROOT = macosx;
	SWIFT_COMPILATION_MODE = wholemodule;
	SWIFT_OPTIMIZATION_LEVEL = -O;
};
	name = Release;
};
	9BE6711F0E25F675D279DFB7 = {
	isa = XCConfigurationList;
	buildConfigurations = (
	CAB65815441D86D46CB1BC9C,
	"93F0E83619E4AA8149308C5E",
);
	defaultConfigurationIsVisible = 0;
	defaultConfigurationName = Debug;
};
	46F86FAA6BBF9AC94A7E4595 = {
	isa = PBXProject;
	attributes = {
	BuildIndependentTargetsInParallel = 1;
	LastSwiftUpdateCheck = 2700;
	LastUpgradeCheck = 2700;
	TargetAttributes = {
	EA8D84301B03EE218ABBDEBD = {
	CreatedOnToolsVersion = "27.0";
};
};
};
	buildConfigurationList = "9BE6711F0E25F675D279DFB7";
	compatibilityVersion = "Xcode 15.0";
	developmentRegion = zh-CN;
	hasScannedForEncodings = 0;
	knownRegions = (
	zh-CN,
	en,
);
	mainGroup = "8D3FC6DB5D0827F168A73277";
	minimizedProjectReferenceProxies = 1;
	preferredProjectObjectVersion = 77;
	productRefGroup = "1BADDC1D73C1A20F347483E1";
	projectDirPath = "";
	projectRoot = "";
	targets = (
	EA8D84301B03EE218ABBDEBD,
);
};
};
	rootObject = "46F86FAA6BBF9AC94A7E4595";
}
