// !$*UTF8*$!
{
	archiveVersion = 1;
	classes = {};
	objectVersion = 77;
	objects = {
	85101B96FEC1D9870243AC16 = {
	isa = PBXFileReference;
	lastKnownFileType = text.plist.xml;
	path = Info.plist;
	sourceTree = "<group>";
};
	0E6DA8969E029DF504FE7F58 = {
	isa = PBXFileReference;
	lastKnownFileType = folder.assetcatalog;
	path = Assets.xcassets;
	sourceTree = "<group>";
};
	58D06BCA56DFA18BDC04AFB6 = {
	isa = PBXFileReference;
	lastKnownFileType = image.pdf;
	path = Silkway-menubar-connected.pdf;
	sourceTree = "<group>";
};
	DBC90212090CBD1FCA444BDB = {
	isa = PBXBuildFile;
	fileRef = "58D06BCA56DFA18BDC04AFB6";
};
	342C2AD10C22269B360E48BB = {
	isa = PBXFileReference;
	lastKnownFileType = image.pdf;
	path = Silkway-menubar-disconnected.pdf;
	sourceTree = "<group>";
};
	0E1D643BBCE8E98B72276109 = {
	isa = PBXBuildFile;
	fileRef = "342C2AD10C22269B360E48BB";
};
	1B218030E4787501B2610754 = {
	isa = PBXFileReference;
	explicitFileType = wrapper.application;
	includeInIndex = 0;
	path = Silkway.app;
	sourceTree = BUILT_PRODUCTS_DIR;
};
	00EFF8B668B88FA5C1EEAD89 = {
	isa = PBXGroup;
	children = (
	A30DD46F5DF9A025D859AA88,
	"3486839CFBF94636930ECF29",
	"477BB6F36BBC4F5E91D42588",
	"663F1BA92E644EA3BF9E5A44",
	"86AF15F28109403591BA118E",
	A030FE106C0F42F983F572B2,
	F5D46370F8C44C669E4F70A9,
	"83F0D6F4FF3D48ADB16837E6",
	C789C2E717D248F8BD8DE700,
	"6597B6866749474FA28205BC",
	"948E72818BD04DD7A0526901",
	D6DC1660E46E42099E4B0BA8,
	"7B18AE077645465E891DE6E9",
	"231BBC24A3454B3FA3D47039",
	FA1BA89795734AFEABDB5F76,
	"328EBA2EE0B24539A7D3DEAB",
	E9536CA4685D4489BAAB9F37,
	"3D503AD87EB548329F0A47E1",
	AA60B1F828964F85B864DE51,
	"6081BCCD051F4EB3939EEB79",
	B3676B0BBC574B61A43EB3BA,
	"48396690FBB3449EBCD76E99",
	AA0108513769430296EFEB81,
	"0462287CAD0B4A48AB855381",
	"1ABCEF030D554E5897B49948",
	B3B673A4070B42688B4F49B8,
	"0FD81830646644A59CA97DD5",
	"9871F06D070242E4B55100C0",
	"03A6897C7AB642D8BF3A8869",
	"2041D5E2FB5F46B7892F30B8",
	"03F2E43780FC438DA69FB417",
	"0C9C4F889E1B47BCB3EC06C1",
	"95D17FC0BEAF4EAF9096B940",
	"1046D92838B64D6DBCAC2506",
	D752E0E7011441049B927ED3,
	"4219CB900E6D44F0814712AA",
	BD588CFF87A14C138D1C7B0D,
	EDC8AE691BF74ABD87A3F3F2,
	"6BA5B9F3097146D385791A7C",
);
	name = Silkway;
	path = Silkway;
	sourceTree = "<group>";
};
	D1F892E7E6C48B77BC5A63ED = {
	isa = PBXFileReference;
	lastKnownFileType = compiled.mach-o.executable;
	path = sing-box;
	sourceTree = "<group>";
};
	8E35C5D17FC0A4CE50432011 = {
	isa = PBXBuildFile;
	fileRef = D1F892E7E6C48B77BC5A63ED;
};
	4F5A01484BC8CE75CADBED6D = {
	isa = PBXFileReference;
	lastKnownFileType = text.plist.xml;
	path = LaunchDaemons/com.silkway.singbox.plist;
	sourceTree = "<group>";
};
	C76E67AAA7F38E98EA6E602B = {
	isa = PBXBuildFile;
	fileRef = "4F5A01484BC8CE75CADBED6D";
};
	6DD6082B2F14012FEF71AF33 = {
	isa = PBXCopyFilesBuildPhase;
	buildActionMask = 2147483647;
	dstPath = Contents/Library/LaunchDaemons;
	dstSubfolderSpec = 1;
	files = (
	C76E67AAA7F38E98EA6E602B,
);
	runOnlyForDeploymentPostprocessing = 0;
	name = "Copy LaunchDaemons";
};
	A30DD46F5DF9A025D859AA88 = {
	isa = PBXGroup;
	children = (
	"0E6DA8969E029DF504FE7F58",
	"85101B96FEC1D9870243AC16",
	"58D06BCA56DFA18BDC04AFB6",
	"342C2AD10C22269B360E48BB",
	D1F892E7E6C48B77BC5A63ED,
	"4F5A01484BC8CE75CADBED6D",
);
	path = Resources;
	sourceTree = "<group>";
};
	3486839CFBF94636930ECF29 = {
	isa = PBXFileReference;
	lastKnownFileType = sourcecode.swift;
	path = Core/SubscriptionManager.swift;
	sourceTree = "<group>";
};
	6F80E264F57E423FAAAD2BEC = {
	isa = PBXBuildFile;
	fileRef = "3486839CFBF94636930ECF29";
};
	477BB6F36BBC4F5E91D42588 = {
	isa = PBXFileReference;
	lastKnownFileType = sourcecode.swift;
	path = Core/ProxyNodeStore.swift;
	sourceTree = "<group>";
};
	5DD84F169EBE483087302943 = {
	isa = PBXBuildFile;
	fileRef = "477BB6F36BBC4F5E91D42588";
};
	663F1BA92E644EA3BF9E5A44 = {
	isa = PBXFileReference;
	lastKnownFileType = sourcecode.swift;
	path = Core/SystemProxy.swift;
	sourceTree = "<group>";
};
	B05F725C3AD842C6A5526C2E = {
	isa = PBXBuildFile;
	fileRef = "663F1BA92E644EA3BF9E5A44";
};
	86AF15F28109403591BA118E = {
	isa = PBXFileReference;
	lastKnownFileType = sourcecode.swift;
	path = Core/SingBoxManager.swift;
	sourceTree = "<group>";
};
	1D4F736F238B4522B3EE33ED = {
	isa = PBXBuildFile;
	fileRef = "86AF15F28109403591BA118E";
};
	A030FE106C0F42F983F572B2 = {
	isa = PBXFileReference;
	lastKnownFileType = sourcecode.swift;
	path = Core/TunManager.swift;
	sourceTree = "<group>";
};
	1C44ED676F6245ADA93DEB25 = {
	isa = PBXBuildFile;
	fileRef = A030FE106C0F42F983F572B2;
};
	F5D46370F8C44C669E4F70A9 = {
	isa = PBXFileReference;
	lastKnownFileType = sourcecode.swift;
	path = Core/ConfigBuilder.swift;
	sourceTree = "<group>";
};
	BEC8F511AF87453488E02FDD = {
	isa = PBXBuildFile;
	fileRef = F5D46370F8C44C669E4F70A9;
};
	83F0D6F4FF3D48ADB16837E6 = {
	isa = PBXFileReference;
	lastKnownFileType = sourcecode.swift;
	path = Core/SubscriptionParser.swift;
	sourceTree = "<group>";
};
	4D6D9C1F79C84C50A1496A3A = {
	isa = PBXBuildFile;
	fileRef = "83F0D6F4FF3D48ADB16837E6";
};
	C789C2E717D248F8BD8DE700 = {
	isa = PBXFileReference;
	lastKnownFileType = sourcecode.swift;
	path = Core/ClashConverter.swift;
	sourceTree = "<group>";
};
	F2BC6908742C426D888B36BC = {
	isa = PBXBuildFile;
	fileRef = C789C2E717D248F8BD8DE700;
};
	6597B6866749474FA28205BC = {
	isa = PBXFileReference;
	lastKnownFileType = sourcecode.swift;
	path = Core/AppConfigStore.swift;
	sourceTree = "<group>";
};
	F001F1E02EF444F1B05064A9 = {
	isa = PBXBuildFile;
	fileRef = "6597B6866749474FA28205BC";
};
	948E72818BD04DD7A0526901 = {
	isa = PBXFileReference;
	lastKnownFileType = sourcecode.swift;
	path = App/SilkwayApp.swift;
	sourceTree = "<group>";
};
	16E26E1E933640159387FE8C = {
	isa = PBXBuildFile;
	fileRef = "948E72818BD04DD7A0526901";
};
	D6DC1660E46E42099E4B0BA8 = {
	isa = PBXFileReference;
	lastKnownFileType = sourcecode.swift;
	path = Utils/Constants.swift;
	sourceTree = "<group>";
};
	021CC8769888474A8B0E1100 = {
	isa = PBXBuildFile;
	fileRef = D6DC1660E46E42099E4B0BA8;
};
	7B18AE077645465E891DE6E9 = {
	isa = PBXFileReference;
	lastKnownFileType = sourcecode.swift;
	path = Utils/PortAllocator.swift;
	sourceTree = "<group>";
};
	D36EA0C235D94C96BACC3382 = {
	isa = PBXBuildFile;
	fileRef = "7B18AE077645465E891DE6E9";
};
	231BBC24A3454B3FA3D47039 = {
	isa = PBXFileReference;
	lastKnownFileType = sourcecode.swift;
	path = Utils/Formatters.swift;
	sourceTree = "<group>";
};
	D9F4F706A4CF42D3B5526185 = {
	isa = PBXBuildFile;
	fileRef = "231BBC24A3454B3FA3D47039";
};
	FA1BA89795734AFEABDB5F76 = {
	isa = PBXFileReference;
	lastKnownFileType = sourcecode.swift;
	path = Models/Connection.swift;
	sourceTree = "<group>";
};
	624CF70F6B964E14B449BB23 = {
	isa = PBXBuildFile;
	fileRef = FA1BA89795734AFEABDB5F76;
};
	328EBA2EE0B24539A7D3DEAB = {
	isa = PBXFileReference;
	lastKnownFileType = sourcecode.swift;
	path = Models/ProxyGroup.swift;
	sourceTree = "<group>";
};
	0D0F71D746684086A046A214 = {
	isa = PBXBuildFile;
	fileRef = "328EBA2EE0B24539A7D3DEAB";
};
	E9536CA4685D4489BAAB9F37 = {
	isa = PBXFileReference;
	lastKnownFileType = sourcecode.swift;
	path = Models/ProxyNode.swift;
	sourceTree = "<group>";
};
	5595D176A2764112BC2C7BE2 = {
	isa = PBXBuildFile;
	fileRef = E9536CA4685D4489BAAB9F37;
};
	3D503AD87EB548329F0A47E1 = {
	isa = PBXFileReference;
	lastKnownFileType = sourcecode.swift;
	path = Models/Subscription.swift;
	sourceTree = "<group>";
};
	9A55812D5C23412282C51B5D = {
	isa = PBXBuildFile;
	fileRef = "3D503AD87EB548329F0A47E1";
};
	AA60B1F828964F85B864DE51 = {
	isa = PBXFileReference;
	lastKnownFileType = sourcecode.swift;
	path = Models/AppConfig.swift;
	sourceTree = "<group>";
};
	53D9BD9076F8481CAFDB27F5 = {
	isa = PBXBuildFile;
	fileRef = AA60B1F828964F85B864DE51;
};
	6081BCCD051F4EB3939EEB79 = {
	isa = PBXFileReference;
	lastKnownFileType = sourcecode.swift;
	path = Views/Settings/RuleView.swift;
	sourceTree = "<group>";
};
	C04C8C3791644033AA940BDF = {
	isa = PBXBuildFile;
	fileRef = "6081BCCD051F4EB3939EEB79";
};
	B3676B0BBC574B61A43EB3BA = {
	isa = PBXFileReference;
	lastKnownFileType = sourcecode.swift;
	path = Views/Settings/SettingsView.swift;
	sourceTree = "<group>";
};
	EAE5E6FCFB95418B93E70652 = {
	isa = PBXBuildFile;
	fileRef = B3676B0BBC574B61A43EB3BA;
};
	48396690FBB3449EBCD76E99 = {
	isa = PBXFileReference;
	lastKnownFileType = sourcecode.swift;
	path = Views/Settings/GeneralView.swift;
	sourceTree = "<group>";
};
	A0B5C1490EB744DEA2207003 = {
	isa = PBXBuildFile;
	fileRef = "48396690FBB3449EBCD76E99";
};
	AA0108513769430296EFEB81 = {
	isa = PBXFileReference;
	lastKnownFileType = sourcecode.swift;
	path = Views/Settings/ConnectionView.swift;
	sourceTree = "<group>";
};
	F4491D0064B74ED195D2322D = {
	isa = PBXBuildFile;
	fileRef = AA0108513769430296EFEB81;
};
	0462287CAD0B4A48AB855381 = {
	isa = PBXFileReference;
	lastKnownFileType = sourcecode.swift;
	path = Views/Settings/SubscriptionView.swift;
	sourceTree = "<group>";
};
	4A7AA9EC52764F8E82FCB906 = {
	isa = PBXBuildFile;
	fileRef = "0462287CAD0B4A48AB855381";
};
	1ABCEF030D554E5897B49948 = {
	isa = PBXFileReference;
	lastKnownFileType = sourcecode.swift;
	path = Views/Settings/ProxyView.swift;
	sourceTree = "<group>";
};
	96AB00A534404177A22AC771 = {
	isa = PBXBuildFile;
	fileRef = "1ABCEF030D554E5897B49948";
};
	B3B673A4070B42688B4F49B8 = {
	isa = PBXFileReference;
	lastKnownFileType = sourcecode.swift;
	path = Views/Settings/DNSView.swift;
	sourceTree = "<group>";
};
	82D41D795E39406EBC823E8F = {
	isa = PBXBuildFile;
	fileRef = B3B673A4070B42688B4F49B8;
};
	0FD81830646644A59CA97DD5 = {
	isa = PBXFileReference;
	lastKnownFileType = sourcecode.swift;
	path = Views/MenuBar/NodeRow.swift;
	sourceTree = "<group>";
};
	276D3C6F63F6476FB4978B80 = {
	isa = PBXBuildFile;
	fileRef = "0FD81830646644A59CA97DD5";
};
	9871F06D070242E4B55100C0 = {
	isa = PBXFileReference;
	lastKnownFileType = sourcecode.swift;
	path = Views/MenuBar/GroupRow.swift;
	sourceTree = "<group>";
};
	348B3F60D76F4BBF95847A10 = {
	isa = PBXBuildFile;
	fileRef = "9871F06D070242E4B55100C0";
};
	03A6897C7AB642D8BF3A8869 = {
	isa = PBXFileReference;
	lastKnownFileType = sourcecode.swift;
	path = Views/MenuBar/MenuBarView.swift;
	sourceTree = "<group>";
};
	07BFF328918E437E8081176E = {
	isa = PBXBuildFile;
	fileRef = "03A6897C7AB642D8BF3A8869";
};
	2041D5E2FB5F46B7892F30B8 = {
	isa = PBXFileReference;
	lastKnownFileType = sourcecode.swift;
	path = Views/MenuBar/GroupList.swift;
	sourceTree = "<group>";
};
	AB988B34E6F64D5DB5B7D688 = {
	isa = PBXBuildFile;
	fileRef = "2041D5E2FB5F46B7892F30B8";
};
	03F2E43780FC438DA69FB417 = {
	isa = PBXFileReference;
	lastKnownFileType = sourcecode.swift;
	path = Views/MenuBar/ActionFooter.swift;
	sourceTree = "<group>";
};
	BE6E3F78959B4D01BC3B2352 = {
	isa = PBXBuildFile;
	fileRef = "03F2E43780FC438DA69FB417";
};
	0C9C4F889E1B47BCB3EC06C1 = {
	isa = PBXFileReference;
	lastKnownFileType = sourcecode.swift;
	path = Views/MenuBar/StatusHeader.swift;
	sourceTree = "<group>";
};
	E4CCA7B7BFD24D39886025B7 = {
	isa = PBXBuildFile;
	fileRef = "0C9C4F889E1B47BCB3EC06C1";
};
	95D17FC0BEAF4EAF9096B940 = {
	isa = PBXFileReference;
	lastKnownFileType = sourcecode.swift;
	path = Views/MenuBar/ModePicker.swift;
	sourceTree = "<group>";
};
	EE0CCAF8179B469BB42E8B3D = {
	isa = PBXBuildFile;
	fileRef = "95D17FC0BEAF4EAF9096B940";
};
	1046D92838B64D6DBCAC2506 = {
	isa = PBXFileReference;
	lastKnownFileType = sourcecode.swift;
	path = Views/Components/ProtocolTag.swift;
	sourceTree = "<group>";
};
	9FC0BB8E31314C7EAD6BDA3C = {
	isa = PBXBuildFile;
	fileRef = "1046D92838B64D6DBCAC2506";
};
	D752E0E7011441049B927ED3 = {
	isa = PBXFileReference;
	lastKnownFileType = sourcecode.swift;
	path = Views/Components/CountryFlag.swift;
	sourceTree = "<group>";
};
	DE31AB5296694C449FD7302B = {
	isa = PBXBuildFile;
	fileRef = D752E0E7011441049B927ED3;
};
	4219CB900E6D44F0814712AA = {
	isa = PBXFileReference;
	lastKnownFileType = sourcecode.swift;
	path = Views/Components/LatencyBadge.swift;
	sourceTree = "<group>";
};
	6FFD7103C1A74CA9AD34E3AF = {
	isa = PBXBuildFile;
	fileRef = "4219CB900E6D44F0814712AA";
};
	BD588CFF87A14C138D1C7B0D = {
	isa = PBXFileReference;
	lastKnownFileType = sourcecode.swift;
	path = Services/AutoUpdateService.swift;
	sourceTree = "<group>";
};
	477BD430FF1243F5B89220A2 = {
	isa = PBXBuildFile;
	fileRef = BD588CFF87A14C138D1C7B0D;
};
	EDC8AE691BF74ABD87A3F3F2 = {
	isa = PBXFileReference;
	lastKnownFileType = sourcecode.swift;
	path = Services/RuleSetManager.swift;
	sourceTree = "<group>";
};
	839C6280E86E4BC980E3A695 = {
	isa = PBXBuildFile;
	fileRef = EDC8AE691BF74ABD87A3F3F2;
};
	6BA5B9F3097146D385791A7C = {
	isa = PBXFileReference;
	lastKnownFileType = sourcecode.swift;
	path = Services/SingBoxAPIClient.swift;
	sourceTree = "<group>";
};
	F51F7F1B7FC443239DF9ED3A = {
	isa = PBXBuildFile;
	fileRef = "6BA5B9F3097146D385791A7C";
};
	8D3FC6DB5D0827F168A73277 = {
	isa = PBXGroup;
	children = (
	"00EFF8B668B88FA5C1EEAD89",
	"1BADDC1D73C1A20F347483E1",
);
	sourceTree = "<group>";
};
	1BADDC1D73C1A20F347483E1 = {
	isa = PBXGroup;
	children = (
	"1B218030E4787501B2610754",
);
	name = Products;
	sourceTree = "<group>";
};
	6BC9136C2E1B992EF374A2EA = {
	isa = PBXFrameworksBuildPhase;
	buildActionMask = 2147483647;
	files = ();
	runOnlyForDeploymentPostprocessing = 0;
};
	F680599402C0D80E245DE801 = {
	isa = PBXSourcesBuildPhase;
	buildActionMask = 2147483647;
	files = (
	"6F80E264F57E423FAAAD2BEC",
	"5DD84F169EBE483087302943",
	B05F725C3AD842C6A5526C2E,
	"1D4F736F238B4522B3EE33ED",
	"1C44ED676F6245ADA93DEB25",
	BEC8F511AF87453488E02FDD,
	"4D6D9C1F79C84C50A1496A3A",
	F2BC6908742C426D888B36BC,
	F001F1E02EF444F1B05064A9,
	"16E26E1E933640159387FE8C",
	"021CC8769888474A8B0E1100",
	D36EA0C235D94C96BACC3382,
	D9F4F706A4CF42D3B5526185,
	"624CF70F6B964E14B449BB23",
	"0D0F71D746684086A046A214",
	"5595D176A2764112BC2C7BE2",
	"9A55812D5C23412282C51B5D",
	"53D9BD9076F8481CAFDB27F5",
	C04C8C3791644033AA940BDF,
	EAE5E6FCFB95418B93E70652,
	A0B5C1490EB744DEA2207003,
	F4491D0064B74ED195D2322D,
	"4A7AA9EC52764F8E82FCB906",
	"96AB00A534404177A22AC771",
	"82D41D795E39406EBC823E8F",
	"276D3C6F63F6476FB4978B80",
	"348B3F60D76F4BBF95847A10",
	"07BFF328918E437E8081176E",
	AB988B34E6F64D5DB5B7D688,
	BE6E3F78959B4D01BC3B2352,
	E4CCA7B7BFD24D39886025B7,
	EE0CCAF8179B469BB42E8B3D,
	"9FC0BB8E31314C7EAD6BDA3C",
	DE31AB5296694C449FD7302B,
	"6FFD7103C1A74CA9AD34E3AF",
	"477BD430FF1243F5B89220A2",
	"839C6280E86E4BC980E3A695",
	F51F7F1B7FC443239DF9ED3A,
);
	runOnlyForDeploymentPostprocessing = 0;
};
	781C774F390DF12CD292A30B = {
	isa = PBXResourcesBuildPhase;
	buildActionMask = 2147483647;
	files = (
	"9A6858DE08B11A9CB9121F0C",
	DBC90212090CBD1FCA444BDB,
	"0E1D643BBCE8E98B72276109",
	"8E35C5D17FC0A4CE50432011",
);
	runOnlyForDeploymentPostprocessing = 0;
};
	9A6858DE08B11A9CB9121F0C = {
	isa = PBXBuildFile;
	fileRef = "0E6DA8969E029DF504FE7F58";
};
	E1BFD4F527A9944AA0FE64C4 = {
	isa = PBXShellScriptBuildPhase;
	buildActionMask = 2147483647;
	files = ();
	inputPaths = ();
	outputPaths = ();
	runOnlyForDeploymentPostprocessing = 0;
	shellPath = /bin/sh;
	shellScript = "if [ -n \"$EXPANDED_CODE_SIGN_IDENTITY\" ]; then\n  codesign --force --options runtime --timestamp=none     --sign \"$EXPANDED_CODE_SIGN_IDENTITY\"     \"$BUILT_PRODUCTS_DIR/Silkway.app/Contents/Resources/sing-box\"\nfi\n";
	name = "Re-sign sing-box";
};
	EA8D84301B03EE218ABBDEBD = {
	isa = PBXNativeTarget;
	buildConfigurationList = "8EC4731D189341F6DC203398";
	buildPhases = (
	"6BC9136C2E1B992EF374A2EA",
	F680599402C0D80E245DE801,
	"781C774F390DF12CD292A30B",
	"6DD6082B2F14012FEF71AF33",
	E1BFD4F527A9944AA0FE64C4,
);
	buildRules = ();
	dependencies = ();
	name = Silkway;
	productName = Silkway;
	productReference = "1B218030E4787501B2610754";
	productType = com.apple.product-type.application;
};
	C7A8CA8B30ED43C49F16327D = {
	isa = XCBuildConfiguration;
	buildSettings = {
	ALWAYS_SEARCH_USER_PATHS = NO;
	ASSETCATALOG_COMPILER_APPICON_NAME = AppIcon;
	CODE_SIGN_STYLE = Automatic;
	COMBINE_HIDPI_IMAGES = YES;
	CURRENT_PROJECT_VERSION = "1";
	DEVELOPMENT_TEAM = "66N6G2C27H";
	ENABLE_APP_SANDBOX = NO;
	ENABLE_HARDENED_RUNTIME = YES;
	ENABLE_USER_SCRIPT_SANDBOXING = NO;
	GENERATE_INFOPLIST_FILE = NO;
	INFOPLIST_FILE = Silkway/Resources/Info.plist;
	INFOPLIST_KEY_LSUIElement = YES;
	INFOPLIST_KEY_NSHumanReadableCopyright = "";
	LD_RUNPATH_SEARCH_PATHS = "$(inherited) @executable_path/../Frameworks";
	MACOSX_DEPLOYMENT_TARGET = "14.0";
	MARKETING_VERSION = "1.0.0";
	PRODUCT_BUNDLE_IDENTIFIER = com.silkway.app;
	PRODUCT_NAME = "$(TARGET_NAME)";
	SWIFT_EMIT_LOC_STRINGS = YES;
	SWIFT_VERSION = "6.0";
	TARGETED_DEVICE_FAMILY = "6";
	DEBUG_INFORMATION_FORMAT = dwarf;
	ENABLE_TESTABILITY = YES;
	GCC_OPTIMIZATION_LEVEL = "0";
	MTL_ENABLE_DEBUG_INFO = INCLUDE_SOURCE;
	ONLY_ACTIVE_ARCH = YES;
	SWIFT_ACTIVE_COMPILATION_CONDITIONS = DEBUG;
	SWIFT_OPTIMIZATION_LEVEL = -Onone;
};
	name = Debug;
};
	52BBE0D2358640E8CBE388D4 = {
	isa = XCBuildConfiguration;
	buildSettings = {
	ALWAYS_SEARCH_USER_PATHS = NO;
	ASSETCATALOG_COMPILER_APPICON_NAME = AppIcon;
	CODE_SIGN_STYLE = Automatic;
	COMBINE_HIDPI_IMAGES = YES;
	CURRENT_PROJECT_VERSION = "1";
	DEVELOPMENT_TEAM = "66N6G2C27H";
	ENABLE_APP_SANDBOX = NO;
	ENABLE_HARDENED_RUNTIME = YES;
	ENABLE_USER_SCRIPT_SANDBOXING = NO;
	GENERATE_INFOPLIST_FILE = NO;
	INFOPLIST_FILE = Silkway/Resources/Info.plist;
	INFOPLIST_KEY_LSUIElement = YES;
	INFOPLIST_KEY_NSHumanReadableCopyright = "";
	LD_RUNPATH_SEARCH_PATHS = "$(inherited) @executable_path/../Frameworks";
	MACOSX_DEPLOYMENT_TARGET = "14.0";
	MARKETING_VERSION = "1.0.0";
	PRODUCT_BUNDLE_IDENTIFIER = com.silkway.app;
	PRODUCT_NAME = "$(TARGET_NAME)";
	SWIFT_EMIT_LOC_STRINGS = YES;
	SWIFT_VERSION = "6.0";
	TARGETED_DEVICE_FAMILY = "6";
	DEBUG_INFORMATION_FORMAT = dwarf-with-dsym;
	ENABLE_NS_ASSERTIONS = NO;
	SWIFT_COMPILATION_MODE = wholemodule;
	SWIFT_OPTIMIZATION_LEVEL = -O;
};
	name = Release;
};
	8EC4731D189341F6DC203398 = {
	isa = XCConfigurationList;
	buildConfigurations = (
	C7A8CA8B30ED43C49F16327D,
	"52BBE0D2358640E8CBE388D4",
);
	defaultConfigurationIsVisible = 0;
	defaultConfigurationName = Debug;
};
	CAB65815441D86D46CB1BC9C = {
	isa = XCBuildConfiguration;
	buildSettings = {
	ALWAYS_SEARCH_USER_PATHS = NO;
	CLANG_ANALYZER_NONNULL = YES;
	CLANG_CXX_LANGUAGE_STANDARD = "gnu++17";
	CLANG_ENABLE_MODULES = YES;
	CLANG_ENABLE_OBJC_ARC = YES;
	CLANG_WARN_BLOCK_CAPTURE_AUTORELEASING = YES;
	CLANG_WARN_BOOL_CONVERSION = YES;
	CLANG_WARN_COMMA = YES;
	CLANG_WARN_CONSTANT_CONVERSION = YES;
	CLANG_WARN_DEPRECATED_OBJC_IMPLEMENTATIONS = YES;
	CLANG_WARN_DIRECT_OBJC_ISA_USAGE = YES_ERROR;
	CLANG_WARN_DOCUMENTATION_COMMENTS = YES;
	CLANG_WARN_EMPTY_BODY = YES;
	CLANG_WARN_ENUM_CONVERSION = YES;
	CLANG_WARN_INFINITE_RECURSION = YES;
	CLANG_WARN_INT_CONVERSION = YES;
	CLANG_WARN_NON_LITERAL_NULL_CONVERSION = YES;
	CLANG_WARN_OBJC_ROOT_CLASS = YES_ERROR;
	CLANG_WARN_QUOTED_INCLUDE_IN_FRAMEWORK_HEADER = YES;
	CLANG_WARN_STRICT_PROTOTYPES = YES;
	CLANG_WARN_SUSPICIOUS_MOVE = YES;
	CLANG_WARN_UNGUARDED_AVAILABILITY = YES_AGGRESSIVE;
	CLANG_WARN_UNREACHABLE_CODE = YES;
	COPY_PHASE_STRIP = NO;
	DEAD_CODE_STRIPPING = YES;
	ENABLE_STRICT_OBJC_MSGSEND = YES;
	GCC_C_LANGUAGE_STANDARD = gnu17;
	GCC_NO_COMMON_BLOCKS = YES;
	GCC_WARN_64_TO_32_BIT_CONVERSION = YES;
	GCC_WARN_ABOUT_RETURN_TYPE = YES_ERROR;
	GCC_WARN_UNDECLARED_SELECTOR = YES;
	GCC_WARN_UNINITIALIZED_AUTOS = YES_AGGRESSIVE;
	GCC_WARN_UNUSED_FUNCTION = YES;
	GCC_WARN_UNUSED_VARIABLE = YES;
	MACOSX_DEPLOYMENT_TARGET = "14.0";
	MTL_FAST_MATH = YES;
	ONLY_ACTIVE_ARCH = YES;
	SDKROOT = macosx;
	SWIFT_ACTIVE_COMPILATION_CONDITIONS = DEBUG;
};
	name = Debug;
};
	93F0E83619E4AA8149308C5E = {
	isa = XCBuildConfiguration;
	buildSettings = {
	ALWAYS_SEARCH_USER_PATHS = NO;
	CLANG_ANALYZER_NONNULL = YES;
	CLANG_CXX_LANGUAGE_STANDARD = "gnu++17";
	CLANG_ENABLE_MODULES = YES;
	CLANG_ENABLE_OBJC_ARC = YES;
	CLANG_WARN_BLOCK_CAPTURE_AUTORELEASING = YES;
	CLANG_WARN_BOOL_CONVERSION = YES;
	CLANG_WARN_COMMA = YES;
	CLANG_WARN_CONSTANT_CONVERSION = YES;
	CLANG_WARN_DEPRECATED_OBJC_IMPLEMENTATIONS = YES;
	CLANG_WARN_DIRECT_OBJC_ISA_USAGE = YES_ERROR;
	CLANG_WARN_DOCUMENTATION_COMMENTS = YES;
	CLANG_WARN_EMPTY_BODY = YES;
	CLANG_WARN_ENUM_CONVERSION = YES;
	CLANG_WARN_INFINITE_RECURSION = YES;
	CLANG_WARN_INT_CONVERSION = YES;
	CLANG_WARN_NON_LITERAL_NULL_CONVERSION = YES;
	CLANG_WARN_OBJC_ROOT_CLASS = YES_ERROR;
	CLANG_WARN_QUOTED_INCLUDE_IN_FRAMEWORK_HEADER = YES;
	CLANG_WARN_STRICT_PROTOTYPES = YES;
	CLANG_WARN_SUSPICIOUS_MOVE = YES;
	CLANG_WARN_UNGUARDED_AVAILABILITY = YES_AGGRESSIVE;
	CLANG_WARN_UNREACHABLE_CODE = YES;
	COPY_PHASE_STRIP = NO;
	DEAD_CODE_STRIPPING = YES;
	ENABLE_NS_ASSERTIONS = NO;
	ENABLE_STRICT_OBJC_MSGSEND = YES;
	GCC_C_LANGUAGE_STANDARD = gnu17;
	GCC_NO_COMMON_BLOCKS = YES;
	GCC_WARN_64_TO_32_BIT_CONVERSION = YES;
	GCC_WARN_ABOUT_RETURN_TYPE = YES_ERROR;
	GCC_WARN_UNDECLARED_SELECTOR = YES;
	GCC_WARN_UNINITIALIZED_AUTOS = YES_AGGRESSIVE;
	GCC_WARN_UNUSED_FUNCTION = YES;
	GCC_WARN_UNUSED_VARIABLE = YES;
	MACOSX_DEPLOYMENT_TARGET = "14.0";
	MTL_FAST_MATH = YES;
	SDKROOT = macosx;
	SWIFT_COMPILATION_MODE = wholemodule;
	SWIFT_OPTIMIZATION_LEVEL = -O;
};
	name = Release;
};
	9BE6711F0E25F675D279DFB7 = {
	isa = XCConfigurationList;
	buildConfigurations = (
	CAB65815441D86D46CB1BC9C,
	"93F0E83619E4AA8149308C5E",
);
	defaultConfigurationIsVisible = 0;
	defaultConfigurationName = Debug;
};
	46F86FAA6BBF9AC94A7E4595 = {
	isa = PBXProject;
	attributes = {
	BuildIndependentTargetsInParallel = 1;
	LastSwiftUpdateCheck = 2700;
	LastUpgradeCheck = 2700;
	TargetAttributes = {
	EA8D84301B03EE218ABBDEBD = {
	CreatedOnToolsVersion = "27.0";
};
};
};
	buildConfigurationList = "9BE6711F0E25F675D279DFB7";
	compatibilityVersion = "Xcode 15.0";
	developmentRegion = zh-CN;
	hasScannedForEncodings = 0;
	knownRegions = (
	zh-CN,
	en,
);
	mainGroup = "8D3FC6DB5D0827F168A73277";
	minimizedProjectReferenceProxies = 1;
	preferredProjectObjectVersion = 77;
	productRefGroup = "1BADDC1D73C1A20F347483E1";
	projectDirPath = "";
	projectRoot = "";
	targets = (
	EA8D84301B03EE218ABBDEBD,
);
};
};
	rootObject = "46F86FAA6BBF9AC94A7E4595";
}
