// !$*UTF8*$!
{
	archiveVersion = 1;
	classes = {};
	objectVersion = 77;
	objects = {
	85101B96FEC1D9870243AC16 = {
	isa = PBXFileReference;
	lastKnownFileType = text.plist.xml;
	path = Info.plist;
	sourceTree = "<group>";
};
	0E6DA8969E029DF504FE7F58 = {
	isa = PBXFileReference;
	lastKnownFileType = folder.assetcatalog;
	path = Assets.xcassets;
	sourceTree = "<group>";
};
	58D06BCA56DFA18BDC04AFB6 = {
	isa = PBXFileReference;
	lastKnownFileType = image.pdf;
	path = Silkway-menubar-connected.pdf;
	sourceTree = "<group>";
};
	DBC90212090CBD1FCA444BDB = {
	isa = PBXBuildFile;
	fileRef = "58D06BCA56DFA18BDC04AFB6";
};
	342C2AD10C22269B360E48BB = {
	isa = PBXFileReference;
	lastKnownFileType = image.pdf;
	path = Silkway-menubar-disconnected.pdf;
	sourceTree = "<group>";
};
	0E1D643BBCE8E98B72276109 = {
	isa = PBXBuildFile;
	fileRef = "342C2AD10C22269B360E48BB";
};
	1B218030E4787501B2610754 = {
	isa = PBXFileReference;
	explicitFileType = wrapper.application;
	includeInIndex = 0;
	path = Silkway.app;
	sourceTree = BUILT_PRODUCTS_DIR;
};
	00EFF8B668B88FA5C1EEAD89 = {
	isa = PBXGroup;
	children = (
	A30DD46F5DF9A025D859AA88,
	"189D9E6917D3420DA90CDA4E",
	BD1CF2CC46164CE597F00525,
	A650373A06614F80B6E75A0D,
	"239427C56B8F450880A0A076",
	"872ABBADE1C14B5193794FC6",
	"0001A4681722496485BB5E4D",
	"60865196F4E44A97A9FB5025",
	B51EB1B9A84041E6AD213573,
	"2575F0BE433A4FB98A082E3F",
	CCC9F5D1FB8B4D2E8BCE5BB7,
	C4CDFF35BF1B499AA14ACAC4,
	A85B5CE51768418692D05CAD,
	"083D679B8C43414AA77D0B90",
	AEF03B3B32A14E90BC09D895,
	D6D1101E09EF4FFAA04E5856,
	CF0BE3F2B032443D8734F635,
	"4C11E57B13054BEE9AC0B858",
	"0B9B2F34EDF848F6A5339D0D",
	"81753115D52A4DB3BAEC0006",
	"4C912187EF6C4D78BC8CBBBB",
	B38947A3947D4F9995B1EC76,
	B4361C6EB3744A6DAA8ACE12,
	ED674527F2B94307A52EA315,
	"8351F6DB48234C9BAD567FDD",
	"0EC96BCC1770439BAAB305DF",
	"84C82B5B89F645D7BC5EDE4C",
	"9C599252B0BD4812A1BD9EA8",
	"7B6F977432F6481785CBE691",
	"15BC867BDE814D1793C920A2",
	"2CD7000D967240E294A53D08",
	"4D5BD9FBA4814034B4CEE9E7",
	BFCE69AD24A5404285A9ECF3,
	CBD01368F16D47F481944605,
	"7C53A23EC02D4832A04D0AAE",
	"85314885077D45B7BF575E79",
	"4EAA9C6428414BF684DE5D9B",
	"64F8BE440D924CB7B46C7A86",
	C4597213B90945F783FF1E96,
	"4C9A983FCCF346218D0C9FB7",
	FCEDB5CAE34541FB9E4B27E5,
	"52853155C0184A159525E884",
	D017BDF8AC0E464BA6A6C734,
	"89646B71FCA54D9E942628DB",
);
	name = Silkway;
	path = Silkway;
	sourceTree = "<group>";
};
	D1F892E7E6C48B77BC5A63ED = {
	isa = PBXFileReference;
	lastKnownFileType = compiled.mach-o.executable;
	path = sing-box;
	sourceTree = "<group>";
};
	8E35C5D17FC0A4CE50432011 = {
	isa = PBXBuildFile;
	fileRef = D1F892E7E6C48B77BC5A63ED;
};
	4F5A01484BC8CE75CADBED6D = {
	isa = PBXFileReference;
	lastKnownFileType = text.plist.xml;
	path = LaunchDaemons/com.silkway.singbox.plist;
	sourceTree = "<group>";
};
	C76E67AAA7F38E98EA6E602B = {
	isa = PBXBuildFile;
	fileRef = "4F5A01484BC8CE75CADBED6D";
};
	6DD6082B2F14012FEF71AF33 = {
	isa = PBXCopyFilesBuildPhase;
	buildActionMask = 2147483647;
	dstPath = Contents/Library/LaunchDaemons;
	dstSubfolderSpec = 1;
	files = (
	C76E67AAA7F38E98EA6E602B,
);
	runOnlyForDeploymentPostprocessing = 0;
	name = "Copy LaunchDaemons";
};
	A30DD46F5DF9A025D859AA88 = {
	isa = PBXGroup;
	children = (
	"0E6DA8969E029DF504FE7F58",
	"85101B96FEC1D9870243AC16",
	"58D06BCA56DFA18BDC04AFB6",
	"342C2AD10C22269B360E48BB",
	D1F892E7E6C48B77BC5A63ED,
	"4F5A01484BC8CE75CADBED6D",
);
	path = Resources;
	sourceTree = "<group>";
};
	189D9E6917D3420DA90CDA4E = {
	isa = PBXFileReference;
	lastKnownFileType = sourcecode.swift;
	path = Core/SubscriptionManager.swift;
	sourceTree = "<group>";
};
	3AF2524285DA4916A637640D = {
	isa = PBXBuildFile;
	fileRef = "189D9E6917D3420DA90CDA4E";
};
	BD1CF2CC46164CE597F00525 = {
	isa = PBXFileReference;
	lastKnownFileType = sourcecode.swift;
	path = Core/ProxyNodeStore.swift;
	sourceTree = "<group>";
};
	EEFBDA66AE4A4246BDA69F8D = {
	isa = PBXBuildFile;
	fileRef = BD1CF2CC46164CE597F00525;
};
	A650373A06614F80B6E75A0D = {
	isa = PBXFileReference;
	lastKnownFileType = sourcecode.swift;
	path = Core/ClashRuleConverter.swift;
	sourceTree = "<group>";
};
	3E0F3C79B16A489BA88933B2 = {
	isa = PBXBuildFile;
	fileRef = A650373A06614F80B6E75A0D;
};
	239427C56B8F450880A0A076 = {
	isa = PBXFileReference;
	lastKnownFileType = sourcecode.swift;
	path = Core/SystemProxy.swift;
	sourceTree = "<group>";
};
	B13A2D8A01C741918B557BA1 = {
	isa = PBXBuildFile;
	fileRef = "239427C56B8F450880A0A076";
};
	872ABBADE1C14B5193794FC6 = {
	isa = PBXFileReference;
	lastKnownFileType = sourcecode.swift;
	path = Core/SingBoxManager.swift;
	sourceTree = "<group>";
};
	FA7DC343AA7942F1AF48BB49 = {
	isa = PBXBuildFile;
	fileRef = "872ABBADE1C14B5193794FC6";
};
	0001A4681722496485BB5E4D = {
	isa = PBXFileReference;
	lastKnownFileType = sourcecode.swift;
	path = Core/TunManager.swift;
	sourceTree = "<group>";
};
	F1135B67DB4447F89E4EE79B = {
	isa = PBXBuildFile;
	fileRef = "0001A4681722496485BB5E4D";
};
	60865196F4E44A97A9FB5025 = {
	isa = PBXFileReference;
	lastKnownFileType = sourcecode.swift;
	path = Core/ProfileStore.swift;
	sourceTree = "<group>";
};
	60FAF2A576084912A546DE3B = {
	isa = PBXBuildFile;
	fileRef = "60865196F4E44A97A9FB5025";
};
	B51EB1B9A84041E6AD213573 = {
	isa = PBXFileReference;
	lastKnownFileType = sourcecode.swift;
	path = Core/ConfigBuilder.swift;
	sourceTree = "<group>";
};
	809D4105389C40488E55E92D = {
	isa = PBXBuildFile;
	fileRef = B51EB1B9A84041E6AD213573;
};
	2575F0BE433A4FB98A082E3F = {
	isa = PBXFileReference;
	lastKnownFileType = sourcecode.swift;
	path = Core/SubscriptionParser.swift;
	sourceTree = "<group>";
};
	56D30F1701A04AA7B2D8831B = {
	isa = PBXBuildFile;
	fileRef = "2575F0BE433A4FB98A082E3F";
};
	CCC9F5D1FB8B4D2E8BCE5BB7 = {
	isa = PBXFileReference;
	lastKnownFileType = sourcecode.swift;
	path = Core/ClashConverter.swift;
	sourceTree = "<group>";
};
	F7D96F79A062448BB30D18D9 = {
	isa = PBXBuildFile;
	fileRef = CCC9F5D1FB8B4D2E8BCE5BB7;
};
	C4CDFF35BF1B499AA14ACAC4 = {
	isa = PBXFileReference;
	lastKnownFileType = sourcecode.swift;
	path = Core/AppConfigStore.swift;
	sourceTree = "<group>";
};
	E27E28BD7C0C40B39E9B83EC = {
	isa = PBXBuildFile;
	fileRef = C4CDFF35BF1B499AA14ACAC4;
};
	A85B5CE51768418692D05CAD = {
	isa = PBXFileReference;
	lastKnownFileType = sourcecode.swift;
	path = Core/ProfileImporter.swift;
	sourceTree = "<group>";
};
	4E52DDC36A7B44818D76B4F0 = {
	isa = PBXBuildFile;
	fileRef = A85B5CE51768418692D05CAD;
};
	083D679B8C43414AA77D0B90 = {
	isa = PBXFileReference;
	lastKnownFileType = sourcecode.swift;
	path = App/SilkwayApp.swift;
	sourceTree = "<group>";
};
	CBAD89CC456A4499BBE55DC1 = {
	isa = PBXBuildFile;
	fileRef = "083D679B8C43414AA77D0B90";
};
	AEF03B3B32A14E90BC09D895 = {
	isa = PBXFileReference;
	lastKnownFileType = sourcecode.swift;
	path = Utils/Constants.swift;
	sourceTree = "<group>";
};
	BE64D69D9871444789A92C76 = {
	isa = PBXBuildFile;
	fileRef = AEF03B3B32A14E90BC09D895;
};
	D6D1101E09EF4FFAA04E5856 = {
	isa = PBXFileReference;
	lastKnownFileType = sourcecode.swift;
	path = Utils/PortAllocator.swift;
	sourceTree = "<group>";
};
	DD94815283CD44498937C9FB = {
	isa = PBXBuildFile;
	fileRef = D6D1101E09EF4FFAA04E5856;
};
	CF0BE3F2B032443D8734F635 = {
	isa = PBXFileReference;
	lastKnownFileType = sourcecode.swift;
	path = Utils/Formatters.swift;
	sourceTree = "<group>";
};
	CA1BC0037FF44EA686E44506 = {
	isa = PBXBuildFile;
	fileRef = CF0BE3F2B032443D8734F635;
};
	4C11E57B13054BEE9AC0B858 = {
	isa = PBXFileReference;
	lastKnownFileType = sourcecode.swift;
	path = Models/Connection.swift;
	sourceTree = "<group>";
};
	2677DD59541842418405F175 = {
	isa = PBXBuildFile;
	fileRef = "4C11E57B13054BEE9AC0B858";
};
	0B9B2F34EDF848F6A5339D0D = {
	isa = PBXFileReference;
	lastKnownFileType = sourcecode.swift;
	path = Models/ProxyGroup.swift;
	sourceTree = "<group>";
};
	02C6635782474F5699CD3C22 = {
	isa = PBXBuildFile;
	fileRef = "0B9B2F34EDF848F6A5339D0D";
};
	81753115D52A4DB3BAEC0006 = {
	isa = PBXFileReference;
	lastKnownFileType = sourcecode.swift;
	path = Models/ProxyNode.swift;
	sourceTree = "<group>";
};
	B76271F861194DF480EE489C = {
	isa = PBXBuildFile;
	fileRef = "81753115D52A4DB3BAEC0006";
};
	4C912187EF6C4D78BC8CBBBB = {
	isa = PBXFileReference;
	lastKnownFileType = sourcecode.swift;
	path = Models/ImportedProfile.swift;
	sourceTree = "<group>";
};
	5AE86EF34CAA4E3EB68F8CE9 = {
	isa = PBXBuildFile;
	fileRef = "4C912187EF6C4D78BC8CBBBB";
};
	B38947A3947D4F9995B1EC76 = {
	isa = PBXFileReference;
	lastKnownFileType = sourcecode.swift;
	path = Models/Subscription.swift;
	sourceTree = "<group>";
};
	320C5DFA3E0C45DC99BB00A7 = {
	isa = PBXBuildFile;
	fileRef = B38947A3947D4F9995B1EC76;
};
	B4361C6EB3744A6DAA8ACE12 = {
	isa = PBXFileReference;
	lastKnownFileType = sourcecode.swift;
	path = Models/AppConfig.swift;
	sourceTree = "<group>";
};
	9FF1FDF5563F4648A50CB616 = {
	isa = PBXBuildFile;
	fileRef = B4361C6EB3744A6DAA8ACE12;
};
	ED674527F2B94307A52EA315 = {
	isa = PBXFileReference;
	lastKnownFileType = sourcecode.swift;
	path = Views/Settings/RuleView.swift;
	sourceTree = "<group>";
};
	6838BD09E2C9448080DA7B10 = {
	isa = PBXBuildFile;
	fileRef = ED674527F2B94307A52EA315;
};
	8351F6DB48234C9BAD567FDD = {
	isa = PBXFileReference;
	lastKnownFileType = sourcecode.swift;
	path = Views/Settings/SettingsView.swift;
	sourceTree = "<group>";
};
	83D0FDFA2F1B4C6ABF676F90 = {
	isa = PBXBuildFile;
	fileRef = "8351F6DB48234C9BAD567FDD";
};
	0EC96BCC1770439BAAB305DF = {
	isa = PBXFileReference;
	lastKnownFileType = sourcecode.swift;
	path = Views/Settings/GeneralView.swift;
	sourceTree = "<group>";
};
	753DCD44BD4942CA9DFB03B7 = {
	isa = PBXBuildFile;
	fileRef = "0EC96BCC1770439BAAB305DF";
};
	84C82B5B89F645D7BC5EDE4C = {
	isa = PBXFileReference;
	lastKnownFileType = sourcecode.swift;
	path = Views/Settings/ConnectionView.swift;
	sourceTree = "<group>";
};
	BB871346E041498A8C2E6A2A = {
	isa = PBXBuildFile;
	fileRef = "84C82B5B89F645D7BC5EDE4C";
};
	9C599252B0BD4812A1BD9EA8 = {
	isa = PBXFileReference;
	lastKnownFileType = sourcecode.swift;
	path = Views/Settings/SubscriptionView.swift;
	sourceTree = "<group>";
};
	12EA961A7F304F8DB2D28B4A = {
	isa = PBXBuildFile;
	fileRef = "9C599252B0BD4812A1BD9EA8";
};
	7B6F977432F6481785CBE691 = {
	isa = PBXFileReference;
	lastKnownFileType = sourcecode.swift;
	path = Views/Settings/ProxyView.swift;
	sourceTree = "<group>";
};
	F6D144A164C4484CAE971804 = {
	isa = PBXBuildFile;
	fileRef = "7B6F977432F6481785CBE691";
};
	15BC867BDE814D1793C920A2 = {
	isa = PBXFileReference;
	lastKnownFileType = sourcecode.swift;
	path = Views/Settings/DNSView.swift;
	sourceTree = "<group>";
};
	530AA016999C42EFBE7268BE = {
	isa = PBXBuildFile;
	fileRef = "15BC867BDE814D1793C920A2";
};
	2CD7000D967240E294A53D08 = {
	isa = PBXFileReference;
	lastKnownFileType = sourcecode.swift;
	path = Views/MenuBar/QuickControls.swift;
	sourceTree = "<group>";
};
	94B850286F3440358C2625F5 = {
	isa = PBXBuildFile;
	fileRef = "2CD7000D967240E294A53D08";
};
	4D5BD9FBA4814034B4CEE9E7 = {
	isa = PBXFileReference;
	lastKnownFileType = sourcecode.swift;
	path = Views/MenuBar/GroupRow.swift;
	sourceTree = "<group>";
};
	3DB7C8AF965F4A01A6CF4461 = {
	isa = PBXBuildFile;
	fileRef = "4D5BD9FBA4814034B4CEE9E7";
};
	BFCE69AD24A5404285A9ECF3 = {
	isa = PBXFileReference;
	lastKnownFileType = sourcecode.swift;
	path = Views/MenuBar/MenuBarView.swift;
	sourceTree = "<group>";
};
	C62D5AA395A24C3CB89F2B29 = {
	isa = PBXBuildFile;
	fileRef = BFCE69AD24A5404285A9ECF3;
};
	CBD01368F16D47F481944605 = {
	isa = PBXFileReference;
	lastKnownFileType = sourcecode.swift;
	path = Views/MenuBar/GroupList.swift;
	sourceTree = "<group>";
};
	09E754D3341E402780C3B4C9 = {
	isa = PBXBuildFile;
	fileRef = CBD01368F16D47F481944605;
};
	7C53A23EC02D4832A04D0AAE = {
	isa = PBXFileReference;
	lastKnownFileType = sourcecode.swift;
	path = Views/MenuBar/GroupDetailView.swift;
	sourceTree = "<group>";
};
	C69834EA94D847378087F1A1 = {
	isa = PBXBuildFile;
	fileRef = "7C53A23EC02D4832A04D0AAE";
};
	85314885077D45B7BF575E79 = {
	isa = PBXFileReference;
	lastKnownFileType = sourcecode.swift;
	path = Views/MenuBar/ActionFooter.swift;
	sourceTree = "<group>";
};
	DD8B4322DAED4652B1DEE835 = {
	isa = PBXBuildFile;
	fileRef = "85314885077D45B7BF575E79";
};
	4EAA9C6428414BF684DE5D9B = {
	isa = PBXFileReference;
	lastKnownFileType = sourcecode.swift;
	path = Views/MenuBar/StatusHeader.swift;
	sourceTree = "<group>";
};
	187520E293764CF2A019B18E = {
	isa = PBXBuildFile;
	fileRef = "4EAA9C6428414BF684DE5D9B";
};
	64F8BE440D924CB7B46C7A86 = {
	isa = PBXFileReference;
	lastKnownFileType = sourcecode.swift;
	path = Views/MenuBar/ModePicker.swift;
	sourceTree = "<group>";
};
	F8CCBE0256FE45D8A0A17CC8 = {
	isa = PBXBuildFile;
	fileRef = "64F8BE440D924CB7B46C7A86";
};
	C4597213B90945F783FF1E96 = {
	isa = PBXFileReference;
	lastKnownFileType = sourcecode.swift;
	path = Views/Components/ProtocolTag.swift;
	sourceTree = "<group>";
};
	B1E7D7A1C78C46859CDD5B6F = {
	isa = PBXBuildFile;
	fileRef = C4597213B90945F783FF1E96;
};
	4C9A983FCCF346218D0C9FB7 = {
	isa = PBXFileReference;
	lastKnownFileType = sourcecode.swift;
	path = Views/Components/CountryFlag.swift;
	sourceTree = "<group>";
};
	4A5D755894B74A3CAFC73C51 = {
	isa = PBXBuildFile;
	fileRef = "4C9A983FCCF346218D0C9FB7";
};
	FCEDB5CAE34541FB9E4B27E5 = {
	isa = PBXFileReference;
	lastKnownFileType = sourcecode.swift;
	path = Views/Components/LatencyBadge.swift;
	sourceTree = "<group>";
};
	F8594B49C4AB4DD2A58D1CDD = {
	isa = PBXBuildFile;
	fileRef = FCEDB5CAE34541FB9E4B27E5;
};
	52853155C0184A159525E884 = {
	isa = PBXFileReference;
	lastKnownFileType = sourcecode.swift;
	path = Services/AutoUpdateService.swift;
	sourceTree = "<group>";
};
	6C54ADF8C79D41FEAB5155AA = {
	isa = PBXBuildFile;
	fileRef = "52853155C0184A159525E884";
};
	D017BDF8AC0E464BA6A6C734 = {
	isa = PBXFileReference;
	lastKnownFileType = sourcecode.swift;
	path = Services/RuleSetManager.swift;
	sourceTree = "<group>";
};
	076A6B70960A43D2BADAB0A3 = {
	isa = PBXBuildFile;
	fileRef = D017BDF8AC0E464BA6A6C734;
};
	89646B71FCA54D9E942628DB = {
	isa = PBXFileReference;
	lastKnownFileType = sourcecode.swift;
	path = Services/SingBoxAPIClient.swift;
	sourceTree = "<group>";
};
	6D2BDE7BB200407699B19DB7 = {
	isa = PBXBuildFile;
	fileRef = "89646B71FCA54D9E942628DB";
};
	8D3FC6DB5D0827F168A73277 = {
	isa = PBXGroup;
	children = (
	"00EFF8B668B88FA5C1EEAD89",
	"1BADDC1D73C1A20F347483E1",
);
	sourceTree = "<group>";
};
	1BADDC1D73C1A20F347483E1 = {
	isa = PBXGroup;
	children = (
	"1B218030E4787501B2610754",
);
	name = Products;
	sourceTree = "<group>";
};
	6BC9136C2E1B992EF374A2EA = {
	isa = PBXFrameworksBuildPhase;
	buildActionMask = 2147483647;
	files = ();
	runOnlyForDeploymentPostprocessing = 0;
};
	F680599402C0D80E245DE801 = {
	isa = PBXSourcesBuildPhase;
	buildActionMask = 2147483647;
	files = (
	"3AF2524285DA4916A637640D",
	EEFBDA66AE4A4246BDA69F8D,
	"3E0F3C79B16A489BA88933B2",
	B13A2D8A01C741918B557BA1,
	FA7DC343AA7942F1AF48BB49,
	F1135B67DB4447F89E4EE79B,
	"60FAF2A576084912A546DE3B",
	"809D4105389C40488E55E92D",
	"56D30F1701A04AA7B2D8831B",
	F7D96F79A062448BB30D18D9,
	E27E28BD7C0C40B39E9B83EC,
	"4E52DDC36A7B44818D76B4F0",
	CBAD89CC456A4499BBE55DC1,
	BE64D69D9871444789A92C76,
	DD94815283CD44498937C9FB,
	CA1BC0037FF44EA686E44506,
	"2677DD59541842418405F175",
	"02C6635782474F5699CD3C22",
	B76271F861194DF480EE489C,
	"5AE86EF34CAA4E3EB68F8CE9",
	"320C5DFA3E0C45DC99BB00A7",
	"9FF1FDF5563F4648A50CB616",
	"6838BD09E2C9448080DA7B10",
	"83D0FDFA2F1B4C6ABF676F90",
	"753DCD44BD4942CA9DFB03B7",
	BB871346E041498A8C2E6A2A,
	"12EA961A7F304F8DB2D28B4A",
	F6D144A164C4484CAE971804,
	"530AA016999C42EFBE7268BE",
	"94B850286F3440358C2625F5",
	"3DB7C8AF965F4A01A6CF4461",
	C62D5AA395A24C3CB89F2B29,
	"09E754D3341E402780C3B4C9",
	C69834EA94D847378087F1A1,
	DD8B4322DAED4652B1DEE835,
	"187520E293764CF2A019B18E",
	F8CCBE0256FE45D8A0A17CC8,
	B1E7D7A1C78C46859CDD5B6F,
	"4A5D755894B74A3CAFC73C51",
	F8594B49C4AB4DD2A58D1CDD,
	"6C54ADF8C79D41FEAB5155AA",
	"076A6B70960A43D2BADAB0A3",
	"6D2BDE7BB200407699B19DB7",
);
	runOnlyForDeploymentPostprocessing = 0;
};
	781C774F390DF12CD292A30B = {
	isa = PBXResourcesBuildPhase;
	buildActionMask = 2147483647;
	files = (
	"9A6858DE08B11A9CB9121F0C",
	DBC90212090CBD1FCA444BDB,
	"0E1D643BBCE8E98B72276109",
	"8E35C5D17FC0A4CE50432011",
);
	runOnlyForDeploymentPostprocessing = 0;
};
	9A6858DE08B11A9CB9121F0C = {
	isa = PBXBuildFile;
	fileRef = "0E6DA8969E029DF504FE7F58";
};
	E1BFD4F527A9944AA0FE64C4 = {
	isa = PBXShellScriptBuildPhase;
	buildActionMask = 2147483647;
	files = ();
	inputPaths = ();
	outputPaths = ();
	runOnlyForDeploymentPostprocessing = 0;
	shellPath = /bin/sh;
	shellScript = "if [ -n \"$EXPANDED_CODE_SIGN_IDENTITY\" ]; then\n  codesign --force --options runtime --timestamp=none     --sign \"$EXPANDED_CODE_SIGN_IDENTITY\"     \"$BUILT_PRODUCTS_DIR/Silkway.app/Contents/Resources/sing-box\"\nfi\n";
	name = "Re-sign sing-box";
};
	EA8D84301B03EE218ABBDEBD = {
	isa = PBXNativeTarget;
	buildConfigurationList = "8EC4731D189341F6DC203398";
	buildPhases = (
	"6BC9136C2E1B992EF374A2EA",
	F680599402C0D80E245DE801,
	"781C774F390DF12CD292A30B",
	"6DD6082B2F14012FEF71AF33",
	E1BFD4F527A9944AA0FE64C4,
);
	buildRules = ();
	dependencies = ();
	name = Silkway;
	productName = Silkway;
	productReference = "1B218030E4787501B2610754";
	productType = com.apple.product-type.application;
};
	C7A8CA8B30ED43C49F16327D = {
	isa = XCBuildConfiguration;
	buildSettings = {
	ALWAYS_SEARCH_USER_PATHS = NO;
	ASSETCATALOG_COMPILER_APPICON_NAME = AppIcon;
	CODE_SIGN_STYLE = Automatic;
	COMBINE_HIDPI_IMAGES = YES;
	CURRENT_PROJECT_VERSION = "1";
	DEVELOPMENT_TEAM = "66N6G2C27H";
	ENABLE_APP_SANDBOX = NO;
	ENABLE_HARDENED_RUNTIME = YES;
	ENABLE_USER_SCRIPT_SANDBOXING = NO;
	GENERATE_INFOPLIST_FILE = NO;
	INFOPLIST_FILE = Silkway/Resources/Info.plist;
	INFOPLIST_KEY_LSUIElement = YES;
	INFOPLIST_KEY_NSHumanReadableCopyright = "";
	LD_RUNPATH_SEARCH_PATHS = "$(inherited) @executable_path/../Frameworks";
	MACOSX_DEPLOYMENT_TARGET = "14.0";
	MARKETING_VERSION = "1.0.0";
	PRODUCT_BUNDLE_IDENTIFIER = com.silkway.app;
	PRODUCT_NAME = "$(TARGET_NAME)";
	SWIFT_EMIT_LOC_STRINGS = YES;
	SWIFT_VERSION = "6.0";
	TARGETED_DEVICE_FAMILY = "6";
	DEBUG_INFORMATION_FORMAT = dwarf;
	ENABLE_TESTABILITY = YES;
	GCC_OPTIMIZATION_LEVEL = "0";
	MTL_ENABLE_DEBUG_INFO = INCLUDE_SOURCE;
	ONLY_ACTIVE_ARCH = YES;
	SWIFT_ACTIVE_COMPILATION_CONDITIONS = DEBUG;
	SWIFT_OPTIMIZATION_LEVEL = -Onone;
};
	name = Debug;
};
	52BBE0D2358640E8CBE388D4 = {
	isa = XCBuildConfiguration;
	buildSettings = {
	ALWAYS_SEARCH_USER_PATHS = NO;
	ASSETCATALOG_COMPILER_APPICON_NAME = AppIcon;
	CODE_SIGN_STYLE = Automatic;
	COMBINE_HIDPI_IMAGES = YES;
	CURRENT_PROJECT_VERSION = "1";
	DEVELOPMENT_TEAM = "66N6G2C27H";
	ENABLE_APP_SANDBOX = NO;
	ENABLE_HARDENED_RUNTIME = YES;
	ENABLE_USER_SCRIPT_SANDBOXING = NO;
	GENERATE_INFOPLIST_FILE = NO;
	INFOPLIST_FILE = Silkway/Resources/Info.plist;
	INFOPLIST_KEY_LSUIElement = YES;
	INFOPLIST_KEY_NSHumanReadableCopyright = "";
	LD_RUNPATH_SEARCH_PATHS = "$(inherited) @executable_path/../Frameworks";
	MACOSX_DEPLOYMENT_TARGET = "14.0";
	MARKETING_VERSION = "1.0.0";
	PRODUCT_BUNDLE_IDENTIFIER = com.silkway.app;
	PRODUCT_NAME = "$(TARGET_NAME)";
	SWIFT_EMIT_LOC_STRINGS = YES;
	SWIFT_VERSION = "6.0";
	TARGETED_DEVICE_FAMILY = "6";
	DEBUG_INFORMATION_FORMAT = dwarf-with-dsym;
	ENABLE_NS_ASSERTIONS = NO;
	SWIFT_COMPILATION_MODE = wholemodule;
	SWIFT_OPTIMIZATION_LEVEL = -O;
};
	name = Release;
};
	8EC4731D189341F6DC203398 = {
	isa = XCConfigurationList;
	buildConfigurations = (
	C7A8CA8B30ED43C49F16327D,
	"52BBE0D2358640E8CBE388D4",
);
	defaultConfigurationIsVisible = 0;
	defaultConfigurationName = Debug;
};
	CAB65815441D86D46CB1BC9C = {
	isa = XCBuildConfiguration;
	buildSettings = {
	ALWAYS_SEARCH_USER_PATHS = NO;
	CLANG_ANALYZER_NONNULL = YES;
	CLANG_CXX_LANGUAGE_STANDARD = "gnu++17";
	CLANG_ENABLE_MODULES = YES;
	CLANG_ENABLE_OBJC_ARC = YES;
	CLANG_WARN_BLOCK_CAPTURE_AUTORELEASING = YES;
	CLANG_WARN_BOOL_CONVERSION = YES;
	CLANG_WARN_COMMA = YES;
	CLANG_WARN_CONSTANT_CONVERSION = YES;
	CLANG_WARN_DEPRECATED_OBJC_IMPLEMENTATIONS = YES;
	CLANG_WARN_DIRECT_OBJC_ISA_USAGE = YES_ERROR;
	CLANG_WARN_DOCUMENTATION_COMMENTS = YES;
	CLANG_WARN_EMPTY_BODY = YES;
	CLANG_WARN_ENUM_CONVERSION = YES;
	CLANG_WARN_INFINITE_RECURSION = YES;
	CLANG_WARN_INT_CONVERSION = YES;
	CLANG_WARN_NON_LITERAL_NULL_CONVERSION = YES;
	CLANG_WARN_OBJC_ROOT_CLASS = YES_ERROR;
	CLANG_WARN_QUOTED_INCLUDE_IN_FRAMEWORK_HEADER = YES;
	CLANG_WARN_STRICT_PROTOTYPES = YES;
	CLANG_WARN_SUSPICIOUS_MOVE = YES;
	CLANG_WARN_UNGUARDED_AVAILABILITY = YES_AGGRESSIVE;
	CLANG_WARN_UNREACHABLE_CODE = YES;
	COPY_PHASE_STRIP = NO;
	DEAD_CODE_STRIPPING = YES;
	ENABLE_STRICT_OBJC_MSGSEND = YES;
	GCC_C_LANGUAGE_STANDARD = gnu17;
	GCC_NO_COMMON_BLOCKS = YES;
	GCC_WARN_64_TO_32_BIT_CONVERSION = YES;
	GCC_WARN_ABOUT_RETURN_TYPE = YES_ERROR;
	GCC_WARN_UNDECLARED_SELECTOR = YES;
	GCC_WARN_UNINITIALIZED_AUTOS = YES_AGGRESSIVE;
	GCC_WARN_UNUSED_FUNCTION = YES;
	GCC_WARN_UNUSED_VARIABLE = YES;
	MACOSX_DEPLOYMENT_TARGET = "14.0";
	MTL_FAST_MATH = YES;
	ONLY_ACTIVE_ARCH = YES;
	SDKROOT = macosx;
	SWIFT_ACTIVE_COMPILATION_CONDITIONS = DEBUG;
};
	name = Debug;
};
	93F0E83619E4AA8149308C5E = {
	isa = XCBuildConfiguration;
	buildSettings = {
	ALWAYS_SEARCH_USER_PATHS = NO;
	CLANG_ANALYZER_NONNULL = YES;
	CLANG_CXX_LANGUAGE_STANDARD = "gnu++17";
	CLANG_ENABLE_MODULES = YES;
	CLANG_ENABLE_OBJC_ARC = YES;
	CLANG_WARN_BLOCK_CAPTURE_AUTORELEASING = YES;
	CLANG_WARN_BOOL_CONVERSION = YES;
	CLANG_WARN_COMMA = YES;
	CLANG_WARN_CONSTANT_CONVERSION = YES;
	CLANG_WARN_DEPRECATED_OBJC_IMPLEMENTATIONS = YES;
	CLANG_WARN_DIRECT_OBJC_ISA_USAGE = YES_ERROR;
	CLANG_WARN_DOCUMENTATION_COMMENTS = YES;
	CLANG_WARN_EMPTY_BODY = YES;
	CLANG_WARN_ENUM_CONVERSION = YES;
	CLANG_WARN_INFINITE_RECURSION = YES;
	CLANG_WARN_INT_CONVERSION = YES;
	CLANG_WARN_NON_LITERAL_NULL_CONVERSION = YES;
	CLANG_WARN_OBJC_ROOT_CLASS = YES_ERROR;
	CLANG_WARN_QUOTED_INCLUDE_IN_FRAMEWORK_HEADER = YES;
	CLANG_WARN_STRICT_PROTOTYPES = YES;
	CLANG_WARN_SUSPICIOUS_MOVE = YES;
	CLANG_WARN_UNGUARDED_AVAILABILITY = YES_AGGRESSIVE;
	CLANG_WARN_UNREACHABLE_CODE = YES;
	COPY_PHASE_STRIP = NO;
	DEAD_CODE_STRIPPING = YES;
	ENABLE_NS_ASSERTIONS = NO;
	ENABLE_STRICT_OBJC_MSGSEND = YES;
	GCC_C_LANGUAGE_STANDARD = gnu17;
	GCC_NO_COMMON_BLOCKS = YES;
	GCC_WARN_64_TO_32_BIT_CONVERSION = YES;
	GCC_WARN_ABOUT_RETURN_TYPE = YES_ERROR;
	GCC_WARN_UNDECLARED_SELECTOR = YES;
	GCC_WARN_UNINITIALIZED_AUTOS = YES_AGGRESSIVE;
	GCC_WARN_UNUSED_FUNCTION = YES;
	GCC_WARN_UNUSED_VARIABLE = YES;
	MACOSX_DEPLOYMENT_TARGET = "14.0";
	MTL_FAST_MATH = YES;
	SDKROOT = macosx;
	SWIFT_COMPILATION_MODE = wholemodule;
	SWIFT_OPTIMIZATION_LEVEL = -O;
};
	name = Release;
};
	9BE6711F0E25F675D279DFB7 = {
	isa = XCConfigurationList;
	buildConfigurations = (
	CAB65815441D86D46CB1BC9C,
	"93F0E83619E4AA8149308C5E",
);
	defaultConfigurationIsVisible = 0;
	defaultConfigurationName = Debug;
};
	46F86FAA6BBF9AC94A7E4595 = {
	isa = PBXProject;
	attributes = {
	BuildIndependentTargetsInParallel = 1;
	LastSwiftUpdateCheck = 2700;
	LastUpgradeCheck = 2700;
	TargetAttributes = {
	EA8D84301B03EE218ABBDEBD = {
	CreatedOnToolsVersion = "27.0";
};
};
};
	buildConfigurationList = "9BE6711F0E25F675D279DFB7";
	compatibilityVersion = "Xcode 15.0";
	developmentRegion = zh-CN;
	hasScannedForEncodings = 0;
	knownRegions = (
	zh-CN,
	en,
);
	mainGroup = "8D3FC6DB5D0827F168A73277";
	minimizedProjectReferenceProxies = 1;
	preferredProjectObjectVersion = 77;
	productRefGroup = "1BADDC1D73C1A20F347483E1";
	projectDirPath = "";
	projectRoot = "";
	targets = (
	EA8D84301B03EE218ABBDEBD,
);
};
};
	rootObject = "46F86FAA6BBF9AC94A7E4595";
}
